// !$*UTF8*$!
{
	archiveVersion = 1;
	classes = {
	};
	objectVersion = 50;
	objects = {

/* Begin PBXBuildFile section */
		B911DCED234EB44A00337324 /* AppDelegate.swift in Sources */ = {isa = PBXBuildFile; fileRef = B911DCEC234EB44A00337324 /* AppDelegate.swift */; };
		B911DCEF234EB44A00337324 /* SceneDelegate.swift in Sources */ = {isa = PBXBuildFile; fileRef = B911DCEE234EB44A00337324 /* SceneDelegate.swift */; };
		B911DCF1234EB44A00337324 /* ShoppingListTableViewController.swift in Sources */ = {isa = PBXBuildFile; fileRef = B911DCF0234EB44A00337324 /* ShoppingListTableViewController.swift */; };
		B911DCF6234EB44C00337324 /* Assets.xcassets in Resources */ = {isa = PBXBuildFile; fileRef = B911DCF5234EB44C00337324 /* Assets.xcassets */; };
		B911DCF9234EB44C00337324 /* LaunchScreen.storyboard in Resources */ = {isa = PBXBuildFile; fileRef = B911DCF7234EB44C00337324 /* LaunchScreen.storyboard */; };
/* End PBXBuildFile section */

/* Begin PBXFileReference section */
		B911DCE9234EB44A00337324 /* m03.shopping-list.app */ = {isa = PBXFileReference; explicitFileType = wrapper.application; includeInIndex = 0; path = "m03.shopping-list.app"; sourceTree = BUILT_PRODUCTS_DIR; };
		B911DCEC234EB44A00337324 /* AppDelegate.swift */ = {isa = PBXFileReference; lastKnownFileType = sourcecode.swift; path = AppDelegate.swift; sourceTree = "<group>"; };
		B911DCEE234EB44A00337324 /* SceneDelegate.swift */ = {isa = PBXFileReference; lastKnownFileType = sourcecode.swift; path = SceneDelegate.swift; sourceTree = "<group>"; };
		B911DCF0234EB44A00337324 /* ShoppingListTableViewController.swift */ = {isa = PBXFileReference; lastKnownFileType = sourcecode.swift; path = ShoppingListTableViewController.swift; sourceTree = "<group>"; };
		B911DCF5234EB44C00337324 /* Assets.xcassets */ = {isa = PBXFileReference; lastKnownFileType = folder.assetcatalog; path = Assets.xcassets; sourceTree = "<group>"; };
		B911DCF8234EB44C00337324 /* Base */ = {isa = PBXFileReference; lastKnownFileType = file.storyboard; name = Base; path = Base.lproj/LaunchScreen.storyboard; sourceTree = "<group>"; };
		B911DCFA234EB44C00337324 /* Info.plist */ = {isa = PBXFileReference; lastKnownFileType = text.plist.xml; path = Info.plist; sourceTree = "<group>"; };
/* End PBXFileReference section */

/* Begin PBXFrameworksBuildPhase section */
		B911DCE6234EB44A00337324 /* Frameworks */ = {
			isa = PBXFrameworksBuildPhase;
			buildActionMask = 2147483647;
			files = (
			);
			runOnlyForDeploymentPostprocessing = 0;
		};
/* End PBXFrameworksBuildPhase section */

/* Begin PBXGroup section */
		B911DCE0234EB44A00337324 = {
			isa = PBXGroup;
			children = (
				B911DCEB234EB44A00337324 /* m03.shopping-list */,
				B911DCEA234EB44A00337324 /* Products */,
			);
			sourceTree = "<group>";
		};
		B911DCEA234EB44A00337324 /* Products */ = {
			isa = PBXGroup;
			children = (
				B911DCE9234EB44A00337324 /* m03.shopping-list.app */,
			);
			name = Products;
			sourceTree = "<group>";
		};
		B911DCEB234EB44A00337324 /* m03.shopping-list */ = {
			isa = PBXGroup;
			children = (
				B911DCFA234EB44C00337324 /* Info.plist */,
				B911DCF7234EB44C00337324 /* LaunchScreen.storyboard */,
				B911DCF5234EB44C00337324 /* Assets.xcassets */,
				B911DCEC234EB44A00337324 /* AppDelegate.swift */,
				B911DCEE234EB44A00337324 /* SceneDelegate.swift */,
				B972E693239C815B00992822 /* Classes */,
			);
			path = "m03.shopping-list";
			sourceTree = "<group>";
		};
		B972E693239C815B00992822 /* Classes */ = {
			isa = PBXGroup;
			children = (
				B911DCF0234EB44A00337324 /* ShoppingListTableViewController.swift */,
			);
			path = Classes;
			sourceTree = "<group>";
		};
/* End PBXGroup section */

/* Begin PBXNativeTarget section */
		B911DCE8234EB44A00337324 /* m03.shopping-list */ = {
			isa = PBXNativeTarget;
			buildConfigurationList = B911DCFD234EB44C00337324 /* Build configuration list for PBXNativeTarget "m03.shopping-list" */;
			buildPhases = (
				B911DCE5234EB44A00337324 /* Sources */,
				B911DCE6234EB44A00337324 /* Frameworks */,
				B911DCE7234EB44A00337324 /* Resources */,
			);
			buildRules = (
			);
			dependencies = (
			);
			name = "m03.shopping-list";
			productName = "m03.shopping-list";
			productReference = B911DCE9234EB44A00337324 /* m03.shopping-list.app */;
			productType = "com.apple.product-type.application";
		};
/* End PBXNativeTarget section */

/* Begin PBXProject section */
		B911DCE1234EB44A00337324 /* Project object */ = {
			isa = PBXProject;
			attributes = {
				LastSwiftUpdateCheck = 1110;
				LastUpgradeCheck = 1110;
				ORGANIZATIONNAME = "Matt Brown";
				TargetAttributes = {
					B911DCE8234EB44A00337324 = {
						CreatedOnToolsVersion = 11.1;
					};
				};
			};
			buildConfigurationList = B911DCE4234EB44A00337324 /* Build configuration list for PBXProject "m03.shopping-list" */;
			compatibilityVersion = "Xcode 9.3";
			developmentRegion = en;
			hasScannedForEncodings = 0;
			knownRegions = (
				en,
				Base,
			);
			mainGroup = B911DCE0234EB44A00337324;
			productRefGroup = B911DCEA234EB44A00337324 /* Products */;
			projectDirPath = "";
			projectRoot = "";
			targets = (
				B911DCE8234EB44A00337324 /* m03.shopping-list */,
			);
		};
/* End PBXProject section */

/* Begin PBXResourcesBuildPhase section */
		B911DCE7234EB44A00337324 /* Resources */ = {
			isa = PBXResourcesBuildPhase;
			buildActionMask = 2147483647;
			files = (
				B911DCF9234EB44C00337324 /* LaunchScreen.storyboard in Resources */,
				B911DCF6234EB44C00337324 /* Assets.xcassets in Resources */,
			);
			runOnlyForDeploymentPostprocessing = 0;
		};
/* End PBXResourcesBuildPhase section */

/* Begin PBXSourcesBuildPhase section */
		B911DCE5234EB44A00337324 /* Sources */ = {
			isa = PBXSourcesBuildPhase;
			buildActionMask = 2147483647;
			files = (
				B911DCF1234EB44A00337324 /* ShoppingListTableViewController.swift in Sources */,
				B911DCED234EB44A00337324 /* AppDelegate.swift in Sources */,
				B911DCEF234EB44A00337324 /* SceneDelegate.swift in Sources */,
			);
			runOnlyForDeploymentPostprocessing = 0;
		};
/* End PBXSourcesBuildPhase section */

/* Begin PBXVariantGroup section */
		B911DCF7234EB44C00337324 /* LaunchScreen.storyboard */ = {
			isa = PBXVariantGroup;
			children = (
				B911DCF8234EB44C00337324 /* Base */,
			);
			name = LaunchScreen.storyboard;
			sourceTree = "<group>";
		};
/* End PBXVariantGroup section */

/* Begin XCBuildConfiguration section */
		B911DCFB234EB44C00337324 /* Debug */ = {
			isa = XCBuildConfiguration;
			buildSettings = {
				ALWAYS_SEARCH_USER_PATHS = NO;
				CLANG_ANALYZER_NONNULL = YES;
				CLANG_ANALYZER_NUMBER_OBJECT_CONVERSION = YES_AGGRESSIVE;
				CLANG_CXX_LANGUAGE_STANDARD = "gnu++14";
				CLANG_CXX_LIBRARY = "libc++";
				CLANG_ENABLE_MODULES = YES;
				CLANG_ENABLE_OBJC_ARC = YES;
				CLANG_ENABLE_OBJC_WEAK = YES;
				CLANG_WARN_BLOCK_CAPTURE_AUTORELEASING = YES;
				CLANG_WARN_BOOL_CONVERSION = YES;
				CLANG_WARN_COMMA = YES;
				CLANG_WARN_CONSTANT_CONVERSION = YES;
				CLANG_WARN_DEPRECATED_OBJC_IMPLEMENTATIONS = YES;
				CLANG_WARN_DIRECT_OBJC_ISA_USAGE = YES_ERROR;
				CLANG_WARN_DOCUMENTATION_COMMENTS = YES;
				CLANG_WARN_EMPTY_BODY = YES;
				CLANG_WARN_ENUM_CONVERSION = YES;
				CLANG_WARN_INFINITE_RECURSION = YES;
				CLANG_WARN_INT_CONVERSION = YES;
				CLANG_WARN_NON_LITERAL_NULL_CONVERSION = YES;
				CLANG_WARN_OBJC_IMPLICIT_RETAIN_SELF = YES;
				CLANG_WARN_OBJC_LITERAL_CONVERSION = YES;
				CLANG_WARN_OBJC_ROOT_CLASS = YES_ERROR;
				CLANG_WARN_RANGE_LOOP_ANALYSIS = YES;
				CLANG_WARN_STRICT_PROTOTYPES = YES;
				CLANG_WARN_SUSPICIOUS_MOVE = YES;
				CLANG_WARN_UNGUARDED_AVAILABILITY = YES_AGGRESSIVE;
				CLANG_WARN_UNREACHABLE_CODE = YES;
				CLANG_WARN__DUPLICATE_METHOD_MATCH = YES;
				COPY_PHASE_STRIP = NO;
				DEBUG_INFORMATION_FORMAT = dwarf;
				ENABLE_STRICT_OBJC_MSGSEND = YES;
				ENABLE_TESTABILITY = YES;
				GCC_C_LANGUAGE_STANDARD = gnu11;
				GCC_DYNAMIC_NO_PIC = NO;
				GCC_NO_COMMON_BLOCKS = YES;
				GCC_OPTIMIZATION_LEVEL = 0;
				GCC_PREPROCESSOR_DEFINITIONS = (
					"DEBUG=1",
					"$(inherited)",
				);
				GCC_WARN_64_TO_32_BIT_CONVERSION = YES;
				GCC_WARN_ABOUT_RETURN_TYPE = YES_ERROR;
				GCC_WARN_UNDECLARED_SELECTOR = YES;
				GCC_WARN_UNINITIALIZED_AUTOS = YES_AGGRESSIVE;
				GCC_WARN_UNUSED_FUNCTION = YES;
				GCC_WARN_UNUSED_VARIABLE = YES;
				IPHONEOS_DEPLOYMENT_TARGET = 13.1;
				MTL_ENABLE_DEBUG_INFO = INCLUDE_SOURCE;
				MTL_FAST_MATH = YES;
				ONLY_ACTIVE_ARCH = YES;
				SDKROOT = iphoneos;
				SWIFT_ACTIVE_COMPILATION_CONDITIONS = DEBUG;
				SWIFT_OPTIMIZATION_LEVEL = "-Onone";
			};
			name = Debug;
		};
		B911DCFC234EB44C00337324 /* Release */ = {
			isa = XCBuildConfiguration;
			buildSettings = {
				ALWAYS_SEARCH_USER_PATHS = NO;
				CLANG_ANALYZER_NONNULL = YES;
				CLANG_ANALYZER_NUMBER_OBJECT_CONVERSION = YES_AGGRESSIVE;
				CLANG_CXX_LANGUAGE_STANDARD = "gnu++14";
				CLANG_CXX_LIBRARY = "libc++";
				CLANG_ENABLE_MODULES = YES;
				CLANG_ENABLE_OBJC_ARC = YES;
				CLANG_ENABLE_OBJC_WEAK = YES;
				CLANG_WARN_BLOCK_CAPTURE_AUTORELEASING = YES;
				CLANG_WARN_BOOL_CONVERSION = YES;
				CLANG_WARN_COMMA = YES;
				CLANG_WARN_CONSTANT_CONVERSION = YES;
				CLANG_WARN_DEPRECATED_OBJC_IMPLEMENTATIONS = YES;
				CLANG_WARN_DIRECT_OBJC_ISA_USAGE = YES_ERROR;
				CLANG_WARN_DOCUMENTATION_COMMENTS = YES;
				CLANG_WARN_EMPTY_BODY = YES;
				CLANG_WARN_ENUM_CONVERSION = YES;
				CLANG_WARN_INFINITE_RECURSION = YES;
				CLANG_WARN_INT_CONVERSION = YES;
				CLANG_WARN_NON_LITERAL_NULL_CONVERSION = YES;
				CLANG_WARN_OBJC_IMPLICIT_RETAIN_SELF = YES;
				CLANG_WARN_OBJC_LITERAL_CONVERSION = YES;
				CLANG_WARN_OBJC_ROOT_CLASS = YES_ERROR;
				CLANG_WARN_RANGE_LOOP_ANALYSIS = YES;
				CLANG_WARN_STRICT_PROTOTYPES = YES;
				CLANG_WARN_SUSPICIOUS_MOVE = YES;
				CLANG_WARN_UNGUARDED_AVAILABILITY = YES_AGGRESSIVE;
				CLANG_WARN_UNREACHABLE_CODE = YES;
				CLANG_WARN__DUPLICATE_METHOD_MATCH = YES;
				COPY_PHASE_STRIP = NO;
				DEBUG_INFORMATION_FORMAT = "dwarf-with-dsym";
				ENABLE_NS_ASSERTIONS = NO;
				ENABLE_STRICT_OBJC_MSGSEND = YES;
				GCC_C_LANGUAGE_STANDARD = gnu11;
				GCC_NO_COMMON_BLOCKS = YES;
				GCC_WARN_64_TO_32_BIT_CONVERSION = YES;
				GCC_WARN_ABOUT_RETURN_TYPE = YES_ERROR;
				GCC_WARN_UNDECLARED_SELECTOR = YES;
				GCC_WARN_UNINITIALIZED_AUTOS = YES_AGGRESSIVE;
				GCC_WARN_UNUSED_FUNCTION = YES;
				GCC_WARN_UNUSED_VARIABLE = YES;
				IPHONEOS_DEPLOYMENT_TARGET = 13.1;
				MTL_ENABLE_DEBUG_INFO = NO;
				MTL_FAST_MATH = YES;
				SDKROOT = iphoneos;
				SWIFT_COMPILATION_MODE = wholemodule;
				SWIFT_OPTIMIZATION_LEVEL = "-O";
				VALIDATE_PRODUCT = YES;
			};
			name = Release;
		};
		B911DCFE234EB44C00337324 /* Debug */ = {
			isa = XCBuildConfiguration;
			buildSettings = {
				ASSETCATALOG_COMPILER_APPICON_NAME = AppIcon;
				CODE_SIGN_STYLE = Automatic;
				DEVELOPMENT_TEAM = 9C5ND6VFEN;
				INFOPLIST_FILE = "m03.shopping-list/Info.plist";
				LD_RUNPATH_SEARCH_PATHS = (
					"$(inherited)",
					"@executable_path/Frameworks",
				);
				PRODUCT_BUNDLE_IDENTIFIER = "com.seventhaxis.m03-shopping-list";
				PRODUCT_NAME = "$(TARGET_NAME)";
				SWIFT_VERSION = 5.0;
				TARGETED_DEVICE_FAMILY = "1,2";
			};
			name = Debug;
		};
		B911DCFF234EB44C00337324 /* Release */ = {
			isa = XCBuildConfiguration;
			buildSettings = {
				ASSETCATALOG_COMPILER_APPICON_NAME = AppIcon;
				CODE_SIGN_STYLE = Automatic;
				DEVELOPMENT_TEAM = 9C5ND6VFEN;
				INFOPLIST_FILE = "m03.shopping-list/Info.plist";
				LD_RUNPATH_SEARCH_PATHS = (
					"$(inherited)",
					"@executable_path/Frameworks",
				);
				PRODUCT_BUNDLE_IDENTIFIER = "com.seventhaxis.m03-shopping-list";
				PRODUCT_NAME = "$(TARGET_NAME)";
				SWIFT_VERSION = 5.0;
				TARGETED_DEVICE_FAMILY = "1,2";
			};
			name = Release;
		};
/* End XCBuildConfiguration section */

/* Begin XCConfigurationList section */
		B911DCE4234EB44A00337324 /* Build configuration list for PBXProject "m03.shopping-list" */ = {
			isa = XCConfigurationList;
			buildConfigurations = (
				B911DCFB234EB44C00337324 /* Debug */,
				B911DCFC234EB44C00337324 /* Release */,
			);
			defaultConfigurationIsVisible = 0;
			defaultConfigurationName = Release;
		};
		B911DCFD234EB44C00337324 /* Build configuration list for PBXNativeTarget "m03.shopping-list" */ = {
			isa = XCConfigurationList;
			buildConfigurations = (
				B911DCFE234EB44C00337324 /* Debug */,
				B911DCFF234EB44C00337324 /* Release */,
			);
			defaultConfigurationIsVisible = 0;
			defaultConfigurationName = Release;
		};
/* End XCConfigurationList section */
	};
	rootObject = B911DCE1234EB44A00337324 /* Project object */;
}
