// !$*UTF8*$!
{
	archiveVersion = 1;
	classes = {
	};
	objectVersion = 50;
	objects = {

/* Begin PBXBuildFile section */
		ADE6F4402360025D003C76E7 /* AppDelegate.swift in Sources */ = {isa = PBXBuildFile; fileRef = ADE6F43F2360025D003C76E7 /* AppDelegate.swift */; };
		ADE6F4422360025D003C76E7 /* SceneDelegate.swift in Sources */ = {isa = PBXBuildFile; fileRef = ADE6F4412360025D003C76E7 /* SceneDelegate.swift */; };
		ADE6F4442360025D003C76E7 /* RootViewController.swift in Sources */ = {isa = PBXBuildFile; fileRef = ADE6F4432360025D003C76E7 /* RootViewController.swift */; };
		ADE6F4492360025E003C76E7 /* Assets.xcassets in Resources */ = {isa = PBXBuildFile; fileRef = ADE6F4482360025E003C76E7 /* Assets.xcassets */; };
		ADE6F44C2360025E003C76E7 /* LaunchScreen.storyboard in Resources */ = {isa = PBXBuildFile; fileRef = ADE6F44A2360025E003C76E7 /* LaunchScreen.storyboard */; };
		ADE6F45A23625149003C76E7 /* level1.txt in Resources */ = {isa = PBXBuildFile; fileRef = ADE6F45823625149003C76E7 /* level1.txt */; };
		ADE6F45B23625149003C76E7 /* level2.txt in Resources */ = {isa = PBXBuildFile; fileRef = ADE6F45923625149003C76E7 /* level2.txt */; };
/* End PBXBuildFile section */

/* Begin PBXFileReference section */
		ADE6F43C2360025D003C76E7 /* p08.7-swifty-words.app */ = {isa = PBXFileReference; explicitFileType = wrapper.application; includeInIndex = 0; path = "p08.7-swifty-words.app"; sourceTree = BUILT_PRODUCTS_DIR; };
		ADE6F43F2360025D003C76E7 /* AppDelegate.swift */ = {isa = PBXFileReference; lastKnownFileType = sourcecode.swift; path = AppDelegate.swift; sourceTree = "<group>"; };
		ADE6F4412360025D003C76E7 /* SceneDelegate.swift */ = {isa = PBXFileReference; lastKnownFileType = sourcecode.swift; path = SceneDelegate.swift; sourceTree = "<group>"; };
		ADE6F4432360025D003C76E7 /* RootViewController.swift */ = {isa = PBXFileReference; lastKnownFileType = sourcecode.swift; path = RootViewController.swift; sourceTree = "<group>"; };
		ADE6F4482360025E003C76E7 /* Assets.xcassets */ = {isa = PBXFileReference; lastKnownFileType = folder.assetcatalog; path = Assets.xcassets; sourceTree = "<group>"; };
		ADE6F44B2360025E003C76E7 /* Base */ = {isa = PBXFileReference; lastKnownFileType = file.storyboard; name = Base; path = Base.lproj/LaunchScreen.storyboard; sourceTree = "<group>"; };
		ADE6F44D2360025E003C76E7 /* Info.plist */ = {isa = PBXFileReference; lastKnownFileType = text.plist.xml; path = Info.plist; sourceTree = "<group>"; };
		ADE6F45823625149003C76E7 /* level1.txt */ = {isa = PBXFileReference; fileEncoding = 4; lastKnownFileType = text; path = level1.txt; sourceTree = "<group>"; };
		ADE6F45923625149003C76E7 /* level2.txt */ = {isa = PBXFileReference; fileEncoding = 4; lastKnownFileType = text; path = level2.txt; sourceTree = "<group>"; };
/* End PBXFileReference section */

/* Begin PBXFrameworksBuildPhase section */
		ADE6F4392360025D003C76E7 /* Frameworks */ = {
			isa = PBXFrameworksBuildPhase;
			buildActionMask = 2147483647;
			files = (
			);
			runOnlyForDeploymentPostprocessing = 0;
		};
/* End PBXFrameworksBuildPhase section */

/* Begin PBXGroup section */
		ADE6F4332360025D003C76E7 = {
			isa = PBXGroup;
			children = (
				ADE6F43E2360025D003C76E7 /* p08.7-swifty-words */,
				ADE6F43D2360025D003C76E7 /* Products */,
			);
			sourceTree = "<group>";
		};
		ADE6F43D2360025D003C76E7 /* Products */ = {
			isa = PBXGroup;
			children = (
				ADE6F43C2360025D003C76E7 /* p08.7-swifty-words.app */,
			);
			name = Products;
			sourceTree = "<group>";
		};
		ADE6F43E2360025D003C76E7 /* p08.7-swifty-words */ = {
			isa = PBXGroup;
			children = (
				ADE6F44D2360025E003C76E7 /* Info.plist */,
				ADE6F44A2360025E003C76E7 /* LaunchScreen.storyboard */,
				ADE6F4482360025E003C76E7 /* Assets.xcassets */,
				ADE6F43F2360025D003C76E7 /* AppDelegate.swift */,
				ADE6F4412360025D003C76E7 /* SceneDelegate.swift */,
				B972E692239C7F2A00992822 /* Classes */,
				ADE6F45723625135003C76E7 /* Content */,
			);
			path = "p08.7-swifty-words";
			sourceTree = "<group>";
		};
		ADE6F45723625135003C76E7 /* Content */ = {
			isa = PBXGroup;
			children = (
				ADE6F45823625149003C76E7 /* level1.txt */,
				ADE6F45923625149003C76E7 /* level2.txt */,
			);
			path = Content;
			sourceTree = "<group>";
		};
		B972E692239C7F2A00992822 /* Classes */ = {
			isa = PBXGroup;
			children = (
				ADE6F4432360025D003C76E7 /* RootViewController.swift */,
			);
			path = Classes;
			sourceTree = "<group>";
		};
/* End PBXGroup section */

/* Begin PBXNativeTarget section */
		ADE6F43B2360025D003C76E7 /* p08.7-swifty-words */ = {
			isa = PBXNativeTarget;
			buildConfigurationList = ADE6F4502360025E003C76E7 /* Build configuration list for PBXNativeTarget "p08.7-swifty-words" */;
			buildPhases = (
				ADE6F4382360025D003C76E7 /* Sources */,
				ADE6F4392360025D003C76E7 /* Frameworks */,
				ADE6F43A2360025D003C76E7 /* Resources */,
			);
			buildRules = (
			);
			dependencies = (
			);
			name = "p08.7-swifty-words";
			productName = "p08.7-swifty-words";
			productReference = ADE6F43C2360025D003C76E7 /* p08.7-swifty-words.app */;
			productType = "com.apple.product-type.application";
		};
/* End PBXNativeTarget section */

/* Begin PBXProject section */
		ADE6F4342360025D003C76E7 /* Project object */ = {
			isa = PBXProject;
			attributes = {
				LastSwiftUpdateCheck = 1110;
				LastUpgradeCheck = 1110;
				ORGANIZATIONNAME = "Matt Brown";
				TargetAttributes = {
					ADE6F43B2360025D003C76E7 = {
						CreatedOnToolsVersion = 11.1;
					};
				};
			};
			buildConfigurationList = ADE6F4372360025D003C76E7 /* Build configuration list for PBXProject "p08.7-swifty-words" */;
			compatibilityVersion = "Xcode 9.3";
			developmentRegion = en;
			hasScannedForEncodings = 0;
			knownRegions = (
				en,
				Base,
			);
			mainGroup = ADE6F4332360025D003C76E7;
			productRefGroup = ADE6F43D2360025D003C76E7 /* Products */;
			projectDirPath = "";
			projectRoot = "";
			targets = (
				ADE6F43B2360025D003C76E7 /* p08.7-swifty-words */,
			);
		};
/* End PBXProject section */

/* Begin PBXResourcesBuildPhase section */
		ADE6F43A2360025D003C76E7 /* Resources */ = {
			isa = PBXResourcesBuildPhase;
			buildActionMask = 2147483647;
			files = (
				ADE6F45A23625149003C76E7 /* level1.txt in Resources */,
				ADE6F44C2360025E003C76E7 /* LaunchScreen.storyboard in Resources */,
				ADE6F45B23625149003C76E7 /* level2.txt in Resources */,
				ADE6F4492360025E003C76E7 /* Assets.xcassets in Resources */,
			);
			runOnlyForDeploymentPostprocessing = 0;
		};
/* End PBXResourcesBuildPhase section */

/* Begin PBXSourcesBuildPhase section */
		ADE6F4382360025D003C76E7 /* Sources */ = {
			isa = PBXSourcesBuildPhase;
			buildActionMask = 2147483647;
			files = (
				ADE6F4442360025D003C76E7 /* RootViewController.swift in Sources */,
				ADE6F4402360025D003C76E7 /* AppDelegate.swift in Sources */,
				ADE6F4422360025D003C76E7 /* SceneDelegate.swift in Sources */,
			);
			runOnlyForDeploymentPostprocessing = 0;
		};
/* End PBXSourcesBuildPhase section */

/* Begin PBXVariantGroup section */
		ADE6F44A2360025E003C76E7 /* LaunchScreen.storyboard */ = {
			isa = PBXVariantGroup;
			children = (
				ADE6F44B2360025E003C76E7 /* Base */,
			);
			name = LaunchScreen.storyboard;
			sourceTree = "<group>";
		};
/* End PBXVariantGroup section */

/* Begin XCBuildConfiguration section */
		ADE6F44E2360025E003C76E7 /* Debug */ = {
			isa = XCBuildConfiguration;
			buildSettings = {
				ALWAYS_SEARCH_USER_PATHS = NO;
				CLANG_ANALYZER_NONNULL = YES;
				CLANG_ANALYZER_NUMBER_OBJECT_CONVERSION = YES_AGGRESSIVE;
				CLANG_CXX_LANGUAGE_STANDARD = "gnu++14";
				CLANG_CXX_LIBRARY = "libc++";
				CLANG_ENABLE_MODULES = YES;
				CLANG_ENABLE_OBJC_ARC = YES;
				CLANG_ENABLE_OBJC_WEAK = YES;
				CLANG_WARN_BLOCK_CAPTURE_AUTORELEASING = YES;
				CLANG_WARN_BOOL_CONVERSION = YES;
				CLANG_WARN_COMMA = YES;
				CLANG_WARN_CONSTANT_CONVERSION = YES;
				CLANG_WARN_DEPRECATED_OBJC_IMPLEMENTATIONS = YES;
				CLANG_WARN_DIRECT_OBJC_ISA_USAGE = YES_ERROR;
				CLANG_WARN_DOCUMENTATION_COMMENTS = YES;
				CLANG_WARN_EMPTY_BODY = YES;
				CLANG_WARN_ENUM_CONVERSION = YES;
				CLANG_WARN_INFINITE_RECURSION = YES;
				CLANG_WARN_INT_CONVERSION = YES;
				CLANG_WARN_NON_LITERAL_NULL_CONVERSION = YES;
				CLANG_WARN_OBJC_IMPLICIT_RETAIN_SELF = YES;
				CLANG_WARN_OBJC_LITERAL_CONVERSION = YES;
				CLANG_WARN_OBJC_ROOT_CLASS = YES_ERROR;
				CLANG_WARN_RANGE_LOOP_ANALYSIS = YES;
				CLANG_WARN_STRICT_PROTOTYPES = YES;
				CLANG_WARN_SUSPICIOUS_MOVE = YES;
				CLANG_WARN_UNGUARDED_AVAILABILITY = YES_AGGRESSIVE;
				CLANG_WARN_UNREACHABLE_CODE = YES;
				CLANG_WARN__DUPLICATE_METHOD_MATCH = YES;
				COPY_PHASE_STRIP = NO;
				DEBUG_INFORMATION_FORMAT = dwarf;
				ENABLE_STRICT_OBJC_MSGSEND = YES;
				ENABLE_TESTABILITY = YES;
				GCC_C_LANGUAGE_STANDARD = gnu11;
				GCC_DYNAMIC_NO_PIC = NO;
				GCC_NO_COMMON_BLOCKS = YES;
				GCC_OPTIMIZATION_LEVEL = 0;
				GCC_PREPROCESSOR_DEFINITIONS = (
					"DEBUG=1",
					"$(inherited)",
				);
				GCC_WARN_64_TO_32_BIT_CONVERSION = YES;
				GCC_WARN_ABOUT_RETURN_TYPE = YES_ERROR;
				GCC_WARN_UNDECLARED_SELECTOR = YES;
				GCC_WARN_UNINITIALIZED_AUTOS = YES_AGGRESSIVE;
				GCC_WARN_UNUSED_FUNCTION = YES;
				GCC_WARN_UNUSED_VARIABLE = YES;
				IPHONEOS_DEPLOYMENT_TARGET = 13.1;
				MTL_ENABLE_DEBUG_INFO = INCLUDE_SOURCE;
				MTL_FAST_MATH = YES;
				ONLY_ACTIVE_ARCH = YES;
				SDKROOT = iphoneos;
				SWIFT_ACTIVE_COMPILATION_CONDITIONS = DEBUG;
				SWIFT_OPTIMIZATION_LEVEL = "-Onone";
			};
			name = Debug;
		};
		ADE6F44F2360025E003C76E7 /* Release */ = {
			isa = XCBuildConfiguration;
			buildSettings = {
				ALWAYS_SEARCH_USER_PATHS = NO;
				CLANG_ANALYZER_NONNULL = YES;
				CLANG_ANALYZER_NUMBER_OBJECT_CONVERSION = YES_AGGRESSIVE;
				CLANG_CXX_LANGUAGE_STANDARD = "gnu++14";
				CLANG_CXX_LIBRARY = "libc++";
				CLANG_ENABLE_MODULES = YES;
				CLANG_ENABLE_OBJC_ARC = YES;
				CLANG_ENABLE_OBJC_WEAK = YES;
				CLANG_WARN_BLOCK_CAPTURE_AUTORELEASING = YES;
				CLANG_WARN_BOOL_CONVERSION = YES;
				CLANG_WARN_COMMA = YES;
				CLANG_WARN_CONSTANT_CONVERSION = YES;
				CLANG_WARN_DEPRECATED_OBJC_IMPLEMENTATIONS = YES;
				CLANG_WARN_DIRECT_OBJC_ISA_USAGE = YES_ERROR;
				CLANG_WARN_DOCUMENTATION_COMMENTS = YES;
				CLANG_WARN_EMPTY_BODY = YES;
				CLANG_WARN_ENUM_CONVERSION = YES;
				CLANG_WARN_INFINITE_RECURSION = YES;
				CLANG_WARN_INT_CONVERSION = YES;
				CLANG_WARN_NON_LITERAL_NULL_CONVERSION = YES;
				CLANG_WARN_OBJC_IMPLICIT_RETAIN_SELF = YES;
				CLANG_WARN_OBJC_LITERAL_CONVERSION = YES;
				CLANG_WARN_OBJC_ROOT_CLASS = YES_ERROR;
				CLANG_WARN_RANGE_LOOP_ANALYSIS = YES;
				CLANG_WARN_STRICT_PROTOTYPES = YES;
				CLANG_WARN_SUSPICIOUS_MOVE = YES;
				CLANG_WARN_UNGUARDED_AVAILABILITY = YES_AGGRESSIVE;
				CLANG_WARN_UNREACHABLE_CODE = YES;
				CLANG_WARN__DUPLICATE_METHOD_MATCH = YES;
				COPY_PHASE_STRIP = NO;
				DEBUG_INFORMATION_FORMAT = "dwarf-with-dsym";
				ENABLE_NS_ASSERTIONS = NO;
				ENABLE_STRICT_OBJC_MSGSEND = YES;
				GCC_C_LANGUAGE_STANDARD = gnu11;
				GCC_NO_COMMON_BLOCKS = YES;
				GCC_WARN_64_TO_32_BIT_CONVERSION = YES;
				GCC_WARN_ABOUT_RETURN_TYPE = YES_ERROR;
				GCC_WARN_UNDECLARED_SELECTOR = YES;
				GCC_WARN_UNINITIALIZED_AUTOS = YES_AGGRESSIVE;
				GCC_WARN_UNUSED_FUNCTION = YES;
				GCC_WARN_UNUSED_VARIABLE = YES;
				IPHONEOS_DEPLOYMENT_TARGET = 13.1;
				MTL_ENABLE_DEBUG_INFO = NO;
				MTL_FAST_MATH = YES;
				SDKROOT = iphoneos;
				SWIFT_COMPILATION_MODE = wholemodule;
				SWIFT_OPTIMIZATION_LEVEL = "-O";
				VALIDATE_PRODUCT = YES;
			};
			name = Release;
		};
		ADE6F4512360025E003C76E7 /* Debug */ = {
			isa = XCBuildConfiguration;
			buildSettings = {
				ASSETCATALOG_COMPILER_APPICON_NAME = AppIcon;
				CODE_SIGN_STYLE = Automatic;
				DEVELOPMENT_TEAM = 9C5ND6VFEN;
				INFOPLIST_FILE = "p08.7-swifty-words/Info.plist";
				LD_RUNPATH_SEARCH_PATHS = (
					"$(inherited)",
					"@executable_path/Frameworks",
				);
				PRODUCT_BUNDLE_IDENTIFIER = "com.seventhaxis.p08-7-swifty-words";
				PRODUCT_NAME = "$(TARGET_NAME)";
				SWIFT_VERSION = 5.0;
				TARGETED_DEVICE_FAMILY = 2;
			};
			name = Debug;
		};
		ADE6F4522360025E003C76E7 /* Release */ = {
			isa = XCBuildConfiguration;
			buildSettings = {
				ASSETCATALOG_COMPILER_APPICON_NAME = AppIcon;
				CODE_SIGN_STYLE = Automatic;
				DEVELOPMENT_TEAM = 9C5ND6VFEN;
				INFOPLIST_FILE = "p08.7-swifty-words/Info.plist";
				LD_RUNPATH_SEARCH_PATHS = (
					"$(inherited)",
					"@executable_path/Frameworks",
				);
				PRODUCT_BUNDLE_IDENTIFIER = "com.seventhaxis.p08-7-swifty-words";
				PRODUCT_NAME = "$(TARGET_NAME)";
				SWIFT_VERSION = 5.0;
				TARGETED_DEVICE_FAMILY = 2;
			};
			name = Release;
		};
/* End XCBuildConfiguration section */

/* Begin XCConfigurationList section */
		ADE6F4372360025D003C76E7 /* Build configuration list for PBXProject "p08.7-swifty-words" */ = {
			isa = XCConfigurationList;
			buildConfigurations = (
				ADE6F44E2360025E003C76E7 /* Debug */,
				ADE6F44F2360025E003C76E7 /* Release */,
			);
			defaultConfigurationIsVisible = 0;
			defaultConfigurationName = Release;
		};
		ADE6F4502360025E003C76E7 /* Build configuration list for PBXNativeTarget "p08.7-swifty-words" */ = {
			isa = XCConfigurationList;
			buildConfigurations = (
				ADE6F4512360025E003C76E7 /* Debug */,
				ADE6F4522360025E003C76E7 /* Release */,
			);
			defaultConfigurationIsVisible = 0;
			defaultConfigurationName = Release;
		};
/* End XCConfigurationList section */
	};
	rootObject = ADE6F4342360025D003C76E7 /* Project object */;
}
