// !$*UTF8*$!
{
	archiveVersion = 1;
	classes = {
	};
	objectVersion = 50;
	objects = {

/* Begin PBXBuildFile section */
		B9280D6F23D3D0FA007BA1C9 /* AppDelegate.swift in Sources */ = {isa = PBXBuildFile; fileRef = B9280D6E23D3D0FA007BA1C9 /* AppDelegate.swift */; };
		B9280D7123D3D0FA007BA1C9 /* SceneDelegate.swift in Sources */ = {isa = PBXBuildFile; fileRef = B9280D7023D3D0FA007BA1C9 /* SceneDelegate.swift */; };
		B9280D7323D3D0FA007BA1C9 /* DetailViewController.swift in Sources */ = {isa = PBXBuildFile; fileRef = B9280D7223D3D0FA007BA1C9 /* DetailViewController.swift */; };
		B9280D7823D3D0FB007BA1C9 /* Assets.xcassets in Resources */ = {isa = PBXBuildFile; fileRef = B9280D7723D3D0FB007BA1C9 /* Assets.xcassets */; };
		B9280D7B23D3D0FB007BA1C9 /* LaunchScreen.storyboard in Resources */ = {isa = PBXBuildFile; fileRef = B9280D7923D3D0FB007BA1C9 /* LaunchScreen.storyboard */; };
		B9280D8423D3D972007BA1C9 /* NotesTableViewController.swift in Sources */ = {isa = PBXBuildFile; fileRef = B9280D8323D3D972007BA1C9 /* NotesTableViewController.swift */; };
		B9280D8623D3DB1D007BA1C9 /* Note.swift in Sources */ = {isa = PBXBuildFile; fileRef = B9280D8523D3DB1D007BA1C9 /* Note.swift */; };
		B9280D8923D3F711007BA1C9 /* UIColor+DarkBrown.swift in Sources */ = {isa = PBXBuildFile; fileRef = B9280D8823D3F711007BA1C9 /* UIColor+DarkBrown.swift */; };
/* End PBXBuildFile section */

/* Begin PBXFileReference section */
		B9280D6B23D3D0FA007BA1C9 /* m08.notes-ish.app */ = {isa = PBXFileReference; explicitFileType = wrapper.application; includeInIndex = 0; path = "m08.notes-ish.app"; sourceTree = BUILT_PRODUCTS_DIR; };
		B9280D6E23D3D0FA007BA1C9 /* AppDelegate.swift */ = {isa = PBXFileReference; lastKnownFileType = sourcecode.swift; path = AppDelegate.swift; sourceTree = "<group>"; };
		B9280D7023D3D0FA007BA1C9 /* SceneDelegate.swift */ = {isa = PBXFileReference; lastKnownFileType = sourcecode.swift; path = SceneDelegate.swift; sourceTree = "<group>"; };
		B9280D7223D3D0FA007BA1C9 /* DetailViewController.swift */ = {isa = PBXFileReference; lastKnownFileType = sourcecode.swift; path = DetailViewController.swift; sourceTree = "<group>"; };
		B9280D7723D3D0FB007BA1C9 /* Assets.xcassets */ = {isa = PBXFileReference; lastKnownFileType = folder.assetcatalog; path = Assets.xcassets; sourceTree = "<group>"; };
		B9280D7A23D3D0FB007BA1C9 /* Base */ = {isa = PBXFileReference; lastKnownFileType = file.storyboard; name = Base; path = Base.lproj/LaunchScreen.storyboard; sourceTree = "<group>"; };
		B9280D7C23D3D0FB007BA1C9 /* Info.plist */ = {isa = PBXFileReference; lastKnownFileType = text.plist.xml; path = Info.plist; sourceTree = "<group>"; };
		B9280D8323D3D972007BA1C9 /* NotesTableViewController.swift */ = {isa = PBXFileReference; lastKnownFileType = sourcecode.swift; path = NotesTableViewController.swift; sourceTree = "<group>"; };
		B9280D8523D3DB1D007BA1C9 /* Note.swift */ = {isa = PBXFileReference; lastKnownFileType = sourcecode.swift; path = Note.swift; sourceTree = "<group>"; };
		B9280D8823D3F711007BA1C9 /* UIColor+DarkBrown.swift */ = {isa = PBXFileReference; lastKnownFileType = sourcecode.swift; path = "UIColor+DarkBrown.swift"; sourceTree = "<group>"; };
/* End PBXFileReference section */

/* Begin PBXFrameworksBuildPhase section */
		B9280D6823D3D0FA007BA1C9 /* Frameworks */ = {
			isa = PBXFrameworksBuildPhase;
			buildActionMask = 2147483647;
			files = (
			);
			runOnlyForDeploymentPostprocessing = 0;
		};
/* End PBXFrameworksBuildPhase section */

/* Begin PBXGroup section */
		B9280D6223D3D0F9007BA1C9 = {
			isa = PBXGroup;
			children = (
				B9280D6D23D3D0FA007BA1C9 /* m08.notes-ish */,
				B9280D6C23D3D0FA007BA1C9 /* Products */,
			);
			sourceTree = "<group>";
		};
		B9280D6C23D3D0FA007BA1C9 /* Products */ = {
			isa = PBXGroup;
			children = (
				B9280D6B23D3D0FA007BA1C9 /* m08.notes-ish.app */,
			);
			name = Products;
			sourceTree = "<group>";
		};
		B9280D6D23D3D0FA007BA1C9 /* m08.notes-ish */ = {
			isa = PBXGroup;
			children = (
				B9280D7C23D3D0FB007BA1C9 /* Info.plist */,
				B9280D7923D3D0FB007BA1C9 /* LaunchScreen.storyboard */,
				B9280D7723D3D0FB007BA1C9 /* Assets.xcassets */,
				B9280D6E23D3D0FA007BA1C9 /* AppDelegate.swift */,
				B9280D7023D3D0FA007BA1C9 /* SceneDelegate.swift */,
				B9280D8223D3D942007BA1C9 /* Classes */,
				B9280D8723D3F701007BA1C9 /* Extensions */,
			);
			path = "m08.notes-ish";
			sourceTree = "<group>";
		};
		B9280D8223D3D942007BA1C9 /* Classes */ = {
			isa = PBXGroup;
			children = (
				B9280D7223D3D0FA007BA1C9 /* DetailViewController.swift */,
				B9280D8323D3D972007BA1C9 /* NotesTableViewController.swift */,
				B9280D8523D3DB1D007BA1C9 /* Note.swift */,
			);
			path = Classes;
			sourceTree = "<group>";
		};
		B9280D8723D3F701007BA1C9 /* Extensions */ = {
			isa = PBXGroup;
			children = (
				B9280D8823D3F711007BA1C9 /* UIColor+DarkBrown.swift */,
			);
			path = Extensions;
			sourceTree = "<group>";
		};
/* End PBXGroup section */

/* Begin PBXNativeTarget section */
		B9280D6A23D3D0FA007BA1C9 /* m08.notes-ish */ = {
			isa = PBXNativeTarget;
			buildConfigurationList = B9280D7F23D3D0FB007BA1C9 /* Build configuration list for PBXNativeTarget "m08.notes-ish" */;
			buildPhases = (
				B9280D6723D3D0FA007BA1C9 /* Sources */,
				B9280D6823D3D0FA007BA1C9 /* Frameworks */,
				B9280D6923D3D0FA007BA1C9 /* Resources */,
			);
			buildRules = (
			);
			dependencies = (
			);
			name = "m08.notes-ish";
			productName = "m08.notes-ish";
			productReference = B9280D6B23D3D0FA007BA1C9 /* m08.notes-ish.app */;
			productType = "com.apple.product-type.application";
		};
/* End PBXNativeTarget section */

/* Begin PBXProject section */
		B9280D6323D3D0F9007BA1C9 /* Project object */ = {
			isa = PBXProject;
			attributes = {
				LastSwiftUpdateCheck = 1130;
				LastUpgradeCheck = 1210;
				ORGANIZATIONNAME = "Matt Brown";
				TargetAttributes = {
					B9280D6A23D3D0FA007BA1C9 = {
						CreatedOnToolsVersion = 11.3.1;
					};
				};
			};
			buildConfigurationList = B9280D6623D3D0F9007BA1C9 /* Build configuration list for PBXProject "m08.notes-ish" */;
			compatibilityVersion = "Xcode 9.3";
			developmentRegion = en;
			hasScannedForEncodings = 0;
			knownRegions = (
				en,
				Base,
			);
			mainGroup = B9280D6223D3D0F9007BA1C9;
			productRefGroup = B9280D6C23D3D0FA007BA1C9 /* Products */;
			projectDirPath = "";
			projectRoot = "";
			targets = (
				B9280D6A23D3D0FA007BA1C9 /* m08.notes-ish */,
			);
		};
/* End PBXProject section */

/* Begin PBXResourcesBuildPhase section */
		B9280D6923D3D0FA007BA1C9 /* Resources */ = {
			isa = PBXResourcesBuildPhase;
			buildActionMask = 2147483647;
			files = (
				B9280D7B23D3D0FB007BA1C9 /* LaunchScreen.storyboard in Resources */,
				B9280D7823D3D0FB007BA1C9 /* Assets.xcassets in Resources */,
			);
			runOnlyForDeploymentPostprocessing = 0;
		};
/* End PBXResourcesBuildPhase section */

/* Begin PBXSourcesBuildPhase section */
		B9280D6723D3D0FA007BA1C9 /* Sources */ = {
			isa = PBXSourcesBuildPhase;
			buildActionMask = 2147483647;
			files = (
				B9280D8923D3F711007BA1C9 /* UIColor+DarkBrown.swift in Sources */,
				B9280D8623D3DB1D007BA1C9 /* Note.swift in Sources */,
				B9280D7323D3D0FA007BA1C9 /* DetailViewController.swift in Sources */,
				B9280D8423D3D972007BA1C9 /* NotesTableViewController.swift in Sources */,
				B9280D6F23D3D0FA007BA1C9 /* AppDelegate.swift in Sources */,
				B9280D7123D3D0FA007BA1C9 /* SceneDelegate.swift in Sources */,
			);
			runOnlyForDeploymentPostprocessing = 0;
		};
/* End PBXSourcesBuildPhase section */

/* Begin PBXVariantGroup section */
		B9280D7923D3D0FB007BA1C9 /* LaunchScreen.storyboard */ = {
			isa = PBXVariantGroup;
			children = (
				B9280D7A23D3D0FB007BA1C9 /* Base */,
			);
			name = LaunchScreen.storyboard;
			sourceTree = "<group>";
		};
/* End PBXVariantGroup section */

/* Begin XCBuildConfiguration section */
		B9280D7D23D3D0FB007BA1C9 /* Debug */ = {
			isa = XCBuildConfiguration;
			buildSettings = {
				ALWAYS_SEARCH_USER_PATHS = NO;
				CLANG_ANALYZER_NONNULL = YES;
				CLANG_ANALYZER_NUMBER_OBJECT_CONVERSION = YES_AGGRESSIVE;
				CLANG_CXX_LANGUAGE_STANDARD = "gnu++14";
				CLANG_CXX_LIBRARY = "libc++";
				CLANG_ENABLE_MODULES = YES;
				CLANG_ENABLE_OBJC_ARC = YES;
				CLANG_ENABLE_OBJC_WEAK = YES;
				CLANG_WARN_BLOCK_CAPTURE_AUTORELEASING = YES;
				CLANG_WARN_BOOL_CONVERSION = YES;
				CLANG_WARN_COMMA = YES;
				CLANG_WARN_CONSTANT_CONVERSION = YES;
				CLANG_WARN_DEPRECATED_OBJC_IMPLEMENTATIONS = YES;
				CLANG_WARN_DIRECT_OBJC_ISA_USAGE = YES_ERROR;
				CLANG_WARN_DOCUMENTATION_COMMENTS = YES;
				CLANG_WARN_EMPTY_BODY = YES;
				CLANG_WARN_ENUM_CONVERSION = YES;
				CLANG_WARN_INFINITE_RECURSION = YES;
				CLANG_WARN_INT_CONVERSION = YES;
				CLANG_WARN_NON_LITERAL_NULL_CONVERSION = YES;
				CLANG_WARN_OBJC_IMPLICIT_RETAIN_SELF = YES;
				CLANG_WARN_OBJC_LITERAL_CONVERSION = YES;
				CLANG_WARN_OBJC_ROOT_CLASS = YES_ERROR;
				CLANG_WARN_QUOTED_INCLUDE_IN_FRAMEWORK_HEADER = YES;
				CLANG_WARN_RANGE_LOOP_ANALYSIS = YES;
				CLANG_WARN_STRICT_PROTOTYPES = YES;
				CLANG_WARN_SUSPICIOUS_MOVE = YES;
				CLANG_WARN_UNGUARDED_AVAILABILITY = YES_AGGRESSIVE;
				CLANG_WARN_UNREACHABLE_CODE = YES;
				CLANG_WARN__DUPLICATE_METHOD_MATCH = YES;
				COPY_PHASE_STRIP = NO;
				DEBUG_INFORMATION_FORMAT = dwarf;
				ENABLE_STRICT_OBJC_MSGSEND = YES;
				ENABLE_TESTABILITY = YES;
				GCC_C_LANGUAGE_STANDARD = gnu11;
				GCC_DYNAMIC_NO_PIC = NO;
				GCC_NO_COMMON_BLOCKS = YES;
				GCC_OPTIMIZATION_LEVEL = 0;
				GCC_PREPROCESSOR_DEFINITIONS = (
					"DEBUG=1",
					"$(inherited)",
				);
				GCC_WARN_64_TO_32_BIT_CONVERSION = YES;
				GCC_WARN_ABOUT_RETURN_TYPE = YES_ERROR;
				GCC_WARN_UNDECLARED_SELECTOR = YES;
				GCC_WARN_UNINITIALIZED_AUTOS = YES_AGGRESSIVE;
				GCC_WARN_UNUSED_FUNCTION = YES;
				GCC_WARN_UNUSED_VARIABLE = YES;
				IPHONEOS_DEPLOYMENT_TARGET = 13.0;
				MTL_ENABLE_DEBUG_INFO = INCLUDE_SOURCE;
				MTL_FAST_MATH = YES;
				ONLY_ACTIVE_ARCH = YES;
				SDKROOT = iphoneos;
				SWIFT_ACTIVE_COMPILATION_CONDITIONS = DEBUG;
				SWIFT_OPTIMIZATION_LEVEL = "-Onone";
				SWIFT_VERSION = 5.0;
			};
			name = Debug;
		};
		B9280D7E23D3D0FB007BA1C9 /* Release */ = {
			isa = XCBuildConfiguration;
			buildSettings = {
				ALWAYS_SEARCH_USER_PATHS = NO;
				CLANG_ANALYZER_NONNULL = YES;
				CLANG_ANALYZER_NUMBER_OBJECT_CONVERSION = YES_AGGRESSIVE;
				CLANG_CXX_LANGUAGE_STANDARD = "gnu++14";
				CLANG_CXX_LIBRARY = "libc++";
				CLANG_ENABLE_MODULES = YES;
				CLANG_ENABLE_OBJC_ARC = YES;
				CLANG_ENABLE_OBJC_WEAK = YES;
				CLANG_WARN_BLOCK_CAPTURE_AUTORELEASING = YES;
				CLANG_WARN_BOOL_CONVERSION = YES;
				CLANG_WARN_COMMA = YES;
				CLANG_WARN_CONSTANT_CONVERSION = YES;
				CLANG_WARN_DEPRECATED_OBJC_IMPLEMENTATIONS = YES;
				CLANG_WARN_DIRECT_OBJC_ISA_USAGE = YES_ERROR;
				CLANG_WARN_DOCUMENTATION_COMMENTS = YES;
				CLANG_WARN_EMPTY_BODY = YES;
				CLANG_WARN_ENUM_CONVERSION = YES;
				CLANG_WARN_INFINITE_RECURSION = YES;
				CLANG_WARN_INT_CONVERSION = YES;
				CLANG_WARN_NON_LITERAL_NULL_CONVERSION = YES;
				CLANG_WARN_OBJC_IMPLICIT_RETAIN_SELF = YES;
				CLANG_WARN_OBJC_LITERAL_CONVERSION = YES;
				CLANG_WARN_OBJC_ROOT_CLASS = YES_ERROR;
				CLANG_WARN_QUOTED_INCLUDE_IN_FRAMEWORK_HEADER = YES;
				CLANG_WARN_RANGE_LOOP_ANALYSIS = YES;
				CLANG_WARN_STRICT_PROTOTYPES = YES;
				CLANG_WARN_SUSPICIOUS_MOVE = YES;
				CLANG_WARN_UNGUARDED_AVAILABILITY = YES_AGGRESSIVE;
				CLANG_WARN_UNREACHABLE_CODE = YES;
				CLANG_WARN__DUPLICATE_METHOD_MATCH = YES;
				COPY_PHASE_STRIP = NO;
				DEBUG_INFORMATION_FORMAT = "dwarf-with-dsym";
				ENABLE_NS_ASSERTIONS = NO;
				ENABLE_STRICT_OBJC_MSGSEND = YES;
				GCC_C_LANGUAGE_STANDARD = gnu11;
				GCC_NO_COMMON_BLOCKS = YES;
				GCC_WARN_64_TO_32_BIT_CONVERSION = YES;
				GCC_WARN_ABOUT_RETURN_TYPE = YES_ERROR;
				GCC_WARN_UNDECLARED_SELECTOR = YES;
				GCC_WARN_UNINITIALIZED_AUTOS = YES_AGGRESSIVE;
				GCC_WARN_UNUSED_FUNCTION = YES;
				GCC_WARN_UNUSED_VARIABLE = YES;
				IPHONEOS_DEPLOYMENT_TARGET = 13.0;
				MTL_ENABLE_DEBUG_INFO = NO;
				MTL_FAST_MATH = YES;
				SDKROOT = iphoneos;
				SWIFT_COMPILATION_MODE = wholemodule;
				SWIFT_OPTIMIZATION_LEVEL = "-O";
				SWIFT_VERSION = 5.0;
				VALIDATE_PRODUCT = YES;
			};
			name = Release;
		};
		B9280D8023D3D0FB007BA1C9 /* Debug */ = {
			isa = XCBuildConfiguration;
			buildSettings = {
				ASSETCATALOG_COMPILER_APPICON_NAME = AppIcon;
				CODE_SIGN_STYLE = Automatic;
				DEVELOPMENT_TEAM = 9C5ND6VFEN;
				INFOPLIST_FILE = "m08.notes-ish/Info.plist";
				LD_RUNPATH_SEARCH_PATHS = (
					"$(inherited)",
					"@executable_path/Frameworks",
				);
				PRODUCT_BUNDLE_IDENTIFIER = "com.seventhaxis.m08-notes-ish";
				PRODUCT_NAME = "$(TARGET_NAME)";
				SWIFT_VERSION = 5.0;
				TARGETED_DEVICE_FAMILY = "1,2";
			};
			name = Debug;
		};
		B9280D8123D3D0FB007BA1C9 /* Release */ = {
			isa = XCBuildConfiguration;
			buildSettings = {
				ASSETCATALOG_COMPILER_APPICON_NAME = AppIcon;
				CODE_SIGN_STYLE = Automatic;
				DEVELOPMENT_TEAM = 9C5ND6VFEN;
				INFOPLIST_FILE = "m08.notes-ish/Info.plist";
				LD_RUNPATH_SEARCH_PATHS = (
					"$(inherited)",
					"@executable_path/Frameworks",
				);
				PRODUCT_BUNDLE_IDENTIFIER = "com.seventhaxis.m08-notes-ish";
				PRODUCT_NAME = "$(TARGET_NAME)";
				SWIFT_VERSION = 5.0;
				TARGETED_DEVICE_FAMILY = "1,2";
			};
			name = Release;
		};
/* End XCBuildConfiguration section */

/* Begin XCConfigurationList section */
		B9280D6623D3D0F9007BA1C9 /* Build configuration list for PBXProject "m08.notes-ish" */ = {
			isa = XCConfigurationList;
			buildConfigurations = (
				B9280D7D23D3D0FB007BA1C9 /* Debug */,
				B9280D7E23D3D0FB007BA1C9 /* Release */,
			);
			defaultConfigurationIsVisible = 0;
			defaultConfigurationName = Release;
		};
		B9280D7F23D3D0FB007BA1C9 /* Build configuration list for PBXNativeTarget "m08.notes-ish" */ = {
			isa = XCConfigurationList;
			buildConfigurations = (
				B9280D8023D3D0FB007BA1C9 /* Debug */,
				B9280D8123D3D0FB007BA1C9 /* Release */,
			);
			defaultConfigurationIsVisible = 0;
			defaultConfigurationName = Release;
		};
/* End XCConfigurationList section */
	};
	rootObject = B9280D6323D3D0F9007BA1C9 /* Project object */;
}
