// !$*UTF8*$!
{
	archiveVersion = 1;
	classes = {
	};
	objectVersion = 50;
	objects = {

/* Begin PBXBuildFile section */
		AD18591E234AAA7500E173FE /* WebsiteTableViewController.swift in Sources */ = {isa = PBXBuildFile; fileRef = AD18591D234AAA7500E173FE /* WebsiteTableViewController.swift */; };
		AD185920234AAA9C00E173FE /* Website.swift in Sources */ = {isa = PBXBuildFile; fileRef = AD18591F234AAA9C00E173FE /* Website.swift */; };
		AD6C8414234A6D3000FB1B96 /* AppDelegate.swift in Sources */ = {isa = PBXBuildFile; fileRef = AD6C8413234A6D3000FB1B96 /* AppDelegate.swift */; };
		AD6C8416234A6D3000FB1B96 /* SceneDelegate.swift in Sources */ = {isa = PBXBuildFile; fileRef = AD6C8415234A6D3000FB1B96 /* SceneDelegate.swift */; };
		AD6C8418234A6D3000FB1B96 /* BrowserViewController.swift in Sources */ = {isa = PBXBuildFile; fileRef = AD6C8417234A6D3000FB1B96 /* BrowserViewController.swift */; };
		AD6C841D234A6D3200FB1B96 /* Assets.xcassets in Resources */ = {isa = PBXBuildFile; fileRef = AD6C841C234A6D3200FB1B96 /* Assets.xcassets */; };
		AD6C8420234A6D3200FB1B96 /* LaunchScreen.storyboard in Resources */ = {isa = PBXBuildFile; fileRef = AD6C841E234A6D3200FB1B96 /* LaunchScreen.storyboard */; };
/* End PBXBuildFile section */

/* Begin PBXFileReference section */
		AD18591D234AAA7500E173FE /* WebsiteTableViewController.swift */ = {isa = PBXFileReference; lastKnownFileType = sourcecode.swift; path = WebsiteTableViewController.swift; sourceTree = "<group>"; };
		AD18591F234AAA9C00E173FE /* Website.swift */ = {isa = PBXFileReference; lastKnownFileType = sourcecode.swift; path = Website.swift; sourceTree = "<group>"; };
		AD6C8410234A6D3000FB1B96 /* p04.easy-browser.app */ = {isa = PBXFileReference; explicitFileType = wrapper.application; includeInIndex = 0; path = "p04.easy-browser.app"; sourceTree = BUILT_PRODUCTS_DIR; };
		AD6C8413234A6D3000FB1B96 /* AppDelegate.swift */ = {isa = PBXFileReference; lastKnownFileType = sourcecode.swift; path = AppDelegate.swift; sourceTree = "<group>"; };
		AD6C8415234A6D3000FB1B96 /* SceneDelegate.swift */ = {isa = PBXFileReference; lastKnownFileType = sourcecode.swift; path = SceneDelegate.swift; sourceTree = "<group>"; };
		AD6C8417234A6D3000FB1B96 /* BrowserViewController.swift */ = {isa = PBXFileReference; lastKnownFileType = sourcecode.swift; path = BrowserViewController.swift; sourceTree = "<group>"; };
		AD6C841C234A6D3200FB1B96 /* Assets.xcassets */ = {isa = PBXFileReference; lastKnownFileType = folder.assetcatalog; path = Assets.xcassets; sourceTree = "<group>"; };
		AD6C841F234A6D3200FB1B96 /* Base */ = {isa = PBXFileReference; lastKnownFileType = file.storyboard; name = Base; path = Base.lproj/LaunchScreen.storyboard; sourceTree = "<group>"; };
		AD6C8421234A6D3200FB1B96 /* Info.plist */ = {isa = PBXFileReference; lastKnownFileType = text.plist.xml; path = Info.plist; sourceTree = "<group>"; };
/* End PBXFileReference section */

/* Begin PBXFrameworksBuildPhase section */
		AD6C840D234A6D3000FB1B96 /* Frameworks */ = {
			isa = PBXFrameworksBuildPhase;
			buildActionMask = 2147483647;
			files = (
			);
			runOnlyForDeploymentPostprocessing = 0;
		};
/* End PBXFrameworksBuildPhase section */

/* Begin PBXGroup section */
		AD6C8407234A6D3000FB1B96 = {
			isa = PBXGroup;
			children = (
				AD6C8412234A6D3000FB1B96 /* p04.easy-browser */,
				AD6C8411234A6D3000FB1B96 /* Products */,
			);
			sourceTree = "<group>";
		};
		AD6C8411234A6D3000FB1B96 /* Products */ = {
			isa = PBXGroup;
			children = (
				AD6C8410234A6D3000FB1B96 /* p04.easy-browser.app */,
			);
			name = Products;
			sourceTree = "<group>";
		};
		AD6C8412234A6D3000FB1B96 /* p04.easy-browser */ = {
			isa = PBXGroup;
			children = (
				AD6C8421234A6D3200FB1B96 /* Info.plist */,
				AD6C841E234A6D3200FB1B96 /* LaunchScreen.storyboard */,
				AD6C841C234A6D3200FB1B96 /* Assets.xcassets */,
				AD6C8413234A6D3000FB1B96 /* AppDelegate.swift */,
				AD6C8415234A6D3000FB1B96 /* SceneDelegate.swift */,
				AD6C8427234A6DAB00FB1B96 /* Classes */,
			);
			path = "p04.easy-browser";
			sourceTree = "<group>";
		};
		AD6C8427234A6DAB00FB1B96 /* Classes */ = {
			isa = PBXGroup;
			children = (
				AD18591F234AAA9C00E173FE /* Website.swift */,
				AD6C8417234A6D3000FB1B96 /* BrowserViewController.swift */,
				AD18591D234AAA7500E173FE /* WebsiteTableViewController.swift */,
			);
			path = Classes;
			sourceTree = "<group>";
		};
/* End PBXGroup section */

/* Begin PBXNativeTarget section */
		AD6C840F234A6D3000FB1B96 /* p04.easy-browser */ = {
			isa = PBXNativeTarget;
			buildConfigurationList = AD6C8424234A6D3200FB1B96 /* Build configuration list for PBXNativeTarget "p04.easy-browser" */;
			buildPhases = (
				AD6C840C234A6D3000FB1B96 /* Sources */,
				AD6C840D234A6D3000FB1B96 /* Frameworks */,
				AD6C840E234A6D3000FB1B96 /* Resources */,
			);
			buildRules = (
			);
			dependencies = (
			);
			name = "p04.easy-browser";
			productName = "p04.easy-browser";
			productReference = AD6C8410234A6D3000FB1B96 /* p04.easy-browser.app */;
			productType = "com.apple.product-type.application";
		};
/* End PBXNativeTarget section */

/* Begin PBXProject section */
		AD6C8408234A6D3000FB1B96 /* Project object */ = {
			isa = PBXProject;
			attributes = {
				LastSwiftUpdateCheck = 1100;
				LastUpgradeCheck = 1200;
				ORGANIZATIONNAME = "Matt Brown";
				TargetAttributes = {
					AD6C840F234A6D3000FB1B96 = {
						CreatedOnToolsVersion = 11.0;
					};
				};
			};
			buildConfigurationList = AD6C840B234A6D3000FB1B96 /* Build configuration list for PBXProject "p04.easy-browser" */;
			compatibilityVersion = "Xcode 9.3";
			developmentRegion = en;
			hasScannedForEncodings = 0;
			knownRegions = (
				en,
				Base,
			);
			mainGroup = AD6C8407234A6D3000FB1B96;
			productRefGroup = AD6C8411234A6D3000FB1B96 /* Products */;
			projectDirPath = "";
			projectRoot = "";
			targets = (
				AD6C840F234A6D3000FB1B96 /* p04.easy-browser */,
			);
		};
/* End PBXProject section */

/* Begin PBXResourcesBuildPhase section */
		AD6C840E234A6D3000FB1B96 /* Resources */ = {
			isa = PBXResourcesBuildPhase;
			buildActionMask = 2147483647;
			files = (
				AD6C8420234A6D3200FB1B96 /* LaunchScreen.storyboard in Resources */,
				AD6C841D234A6D3200FB1B96 /* Assets.xcassets in Resources */,
			);
			runOnlyForDeploymentPostprocessing = 0;
		};
/* End PBXResourcesBuildPhase section */

/* Begin PBXSourcesBuildPhase section */
		AD6C840C234A6D3000FB1B96 /* Sources */ = {
			isa = PBXSourcesBuildPhase;
			buildActionMask = 2147483647;
			files = (
				AD6C8418234A6D3000FB1B96 /* BrowserViewController.swift in Sources */,
				AD6C8414234A6D3000FB1B96 /* AppDelegate.swift in Sources */,
				AD185920234AAA9C00E173FE /* Website.swift in Sources */,
				AD18591E234AAA7500E173FE /* WebsiteTableViewController.swift in Sources */,
				AD6C8416234A6D3000FB1B96 /* SceneDelegate.swift in Sources */,
			);
			runOnlyForDeploymentPostprocessing = 0;
		};
/* End PBXSourcesBuildPhase section */

/* Begin PBXVariantGroup section */
		AD6C841E234A6D3200FB1B96 /* LaunchScreen.storyboard */ = {
			isa = PBXVariantGroup;
			children = (
				AD6C841F234A6D3200FB1B96 /* Base */,
			);
			name = LaunchScreen.storyboard;
			sourceTree = "<group>";
		};
/* End PBXVariantGroup section */

/* Begin XCBuildConfiguration section */
		AD6C8422234A6D3200FB1B96 /* Debug */ = {
			isa = XCBuildConfiguration;
			buildSettings = {
				ALWAYS_SEARCH_USER_PATHS = NO;
				CLANG_ANALYZER_NONNULL = YES;
				CLANG_ANALYZER_NUMBER_OBJECT_CONVERSION = YES_AGGRESSIVE;
				CLANG_CXX_LANGUAGE_STANDARD = "gnu++14";
				CLANG_CXX_LIBRARY = "libc++";
				CLANG_ENABLE_MODULES = YES;
				CLANG_ENABLE_OBJC_ARC = YES;
				CLANG_ENABLE_OBJC_WEAK = YES;
				CLANG_WARN_BLOCK_CAPTURE_AUTORELEASING = YES;
				CLANG_WARN_BOOL_CONVERSION = YES;
				CLANG_WARN_COMMA = YES;
				CLANG_WARN_CONSTANT_CONVERSION = YES;
				CLANG_WARN_DEPRECATED_OBJC_IMPLEMENTATIONS = YES;
				CLANG_WARN_DIRECT_OBJC_ISA_USAGE = YES_ERROR;
				CLANG_WARN_DOCUMENTATION_COMMENTS = YES;
				CLANG_WARN_EMPTY_BODY = YES;
				CLANG_WARN_ENUM_CONVERSION = YES;
				CLANG_WARN_INFINITE_RECURSION = YES;
				CLANG_WARN_INT_CONVERSION = YES;
				CLANG_WARN_NON_LITERAL_NULL_CONVERSION = YES;
				CLANG_WARN_OBJC_IMPLICIT_RETAIN_SELF = YES;
				CLANG_WARN_OBJC_LITERAL_CONVERSION = YES;
				CLANG_WARN_OBJC_ROOT_CLASS = YES_ERROR;
				CLANG_WARN_QUOTED_INCLUDE_IN_FRAMEWORK_HEADER = YES;
				CLANG_WARN_RANGE_LOOP_ANALYSIS = YES;
				CLANG_WARN_STRICT_PROTOTYPES = YES;
				CLANG_WARN_SUSPICIOUS_MOVE = YES;
				CLANG_WARN_UNGUARDED_AVAILABILITY = YES_AGGRESSIVE;
				CLANG_WARN_UNREACHABLE_CODE = YES;
				CLANG_WARN__DUPLICATE_METHOD_MATCH = YES;
				COPY_PHASE_STRIP = NO;
				DEBUG_INFORMATION_FORMAT = dwarf;
				ENABLE_STRICT_OBJC_MSGSEND = YES;
				ENABLE_TESTABILITY = YES;
				GCC_C_LANGUAGE_STANDARD = gnu11;
				GCC_DYNAMIC_NO_PIC = NO;
				GCC_NO_COMMON_BLOCKS = YES;
				GCC_OPTIMIZATION_LEVEL = 0;
				GCC_PREPROCESSOR_DEFINITIONS = (
					"DEBUG=1",
					"$(inherited)",
				);
				GCC_WARN_64_TO_32_BIT_CONVERSION = YES;
				GCC_WARN_ABOUT_RETURN_TYPE = YES_ERROR;
				GCC_WARN_UNDECLARED_SELECTOR = YES;
				GCC_WARN_UNINITIALIZED_AUTOS = YES_AGGRESSIVE;
				GCC_WARN_UNUSED_FUNCTION = YES;
				GCC_WARN_UNUSED_VARIABLE = YES;
				IPHONEOS_DEPLOYMENT_TARGET = 13.0;
				MTL_ENABLE_DEBUG_INFO = INCLUDE_SOURCE;
				MTL_FAST_MATH = YES;
				ONLY_ACTIVE_ARCH = YES;
				SDKROOT = iphoneos;
				SWIFT_ACTIVE_COMPILATION_CONDITIONS = DEBUG;
				SWIFT_OPTIMIZATION_LEVEL = "-Onone";
				SWIFT_VERSION = 5.0;
			};
			name = Debug;
		};
		AD6C8423234A6D3200FB1B96 /* Release */ = {
			isa = XCBuildConfiguration;
			buildSettings = {
				ALWAYS_SEARCH_USER_PATHS = NO;
				CLANG_ANALYZER_NONNULL = YES;
				CLANG_ANALYZER_NUMBER_OBJECT_CONVERSION = YES_AGGRESSIVE;
				CLANG_CXX_LANGUAGE_STANDARD = "gnu++14";
				CLANG_CXX_LIBRARY = "libc++";
				CLANG_ENABLE_MODULES = YES;
				CLANG_ENABLE_OBJC_ARC = YES;
				CLANG_ENABLE_OBJC_WEAK = YES;
				CLANG_WARN_BLOCK_CAPTURE_AUTORELEASING = YES;
				CLANG_WARN_BOOL_CONVERSION = YES;
				CLANG_WARN_COMMA = YES;
				CLANG_WARN_CONSTANT_CONVERSION = YES;
				CLANG_WARN_DEPRECATED_OBJC_IMPLEMENTATIONS = YES;
				CLANG_WARN_DIRECT_OBJC_ISA_USAGE = YES_ERROR;
				CLANG_WARN_DOCUMENTATION_COMMENTS = YES;
				CLANG_WARN_EMPTY_BODY = YES;
				CLANG_WARN_ENUM_CONVERSION = YES;
				CLANG_WARN_INFINITE_RECURSION = YES;
				CLANG_WARN_INT_CONVERSION = YES;
				CLANG_WARN_NON_LITERAL_NULL_CONVERSION = YES;
				CLANG_WARN_OBJC_IMPLICIT_RETAIN_SELF = YES;
				CLANG_WARN_OBJC_LITERAL_CONVERSION = YES;
				CLANG_WARN_OBJC_ROOT_CLASS = YES_ERROR;
				CLANG_WARN_QUOTED_INCLUDE_IN_FRAMEWORK_HEADER = YES;
				CLANG_WARN_RANGE_LOOP_ANALYSIS = YES;
				CLANG_WARN_STRICT_PROTOTYPES = YES;
				CLANG_WARN_SUSPICIOUS_MOVE = YES;
				CLANG_WARN_UNGUARDED_AVAILABILITY = YES_AGGRESSIVE;
				CLANG_WARN_UNREACHABLE_CODE = YES;
				CLANG_WARN__DUPLICATE_METHOD_MATCH = YES;
				COPY_PHASE_STRIP = NO;
				DEBUG_INFORMATION_FORMAT = "dwarf-with-dsym";
				ENABLE_NS_ASSERTIONS = NO;
				ENABLE_STRICT_OBJC_MSGSEND = YES;
				GCC_C_LANGUAGE_STANDARD = gnu11;
				GCC_NO_COMMON_BLOCKS = YES;
				GCC_WARN_64_TO_32_BIT_CONVERSION = YES;
				GCC_WARN_ABOUT_RETURN_TYPE = YES_ERROR;
				GCC_WARN_UNDECLARED_SELECTOR = YES;
				GCC_WARN_UNINITIALIZED_AUTOS = YES_AGGRESSIVE;
				GCC_WARN_UNUSED_FUNCTION = YES;
				GCC_WARN_UNUSED_VARIABLE = YES;
				IPHONEOS_DEPLOYMENT_TARGET = 13.0;
				MTL_ENABLE_DEBUG_INFO = NO;
				MTL_FAST_MATH = YES;
				SDKROOT = iphoneos;
				SWIFT_COMPILATION_MODE = wholemodule;
				SWIFT_OPTIMIZATION_LEVEL = "-O";
				SWIFT_VERSION = 5.0;
				VALIDATE_PRODUCT = YES;
			};
			name = Release;
		};
		AD6C8425234A6D3200FB1B96 /* Debug */ = {
			isa = XCBuildConfiguration;
			buildSettings = {
				ASSETCATALOG_COMPILER_APPICON_NAME = AppIcon;
				CODE_SIGN_STYLE = Automatic;
				DEVELOPMENT_TEAM = 9C5ND6VFEN;
				INFOPLIST_FILE = "p04.easy-browser/Info.plist";
				LD_RUNPATH_SEARCH_PATHS = (
					"$(inherited)",
					"@executable_path/Frameworks",
				);
				PRODUCT_BUNDLE_IDENTIFIER = "com.seventhaxis.p04-easy-browser";
				PRODUCT_NAME = "$(TARGET_NAME)";
				SWIFT_VERSION = 5.0;
				TARGETED_DEVICE_FAMILY = "1,2";
			};
			name = Debug;
		};
		AD6C8426234A6D3200FB1B96 /* Release */ = {
			isa = XCBuildConfiguration;
			buildSettings = {
				ASSETCATALOG_COMPILER_APPICON_NAME = AppIcon;
				CODE_SIGN_STYLE = Automatic;
				DEVELOPMENT_TEAM = 9C5ND6VFEN;
				INFOPLIST_FILE = "p04.easy-browser/Info.plist";
				LD_RUNPATH_SEARCH_PATHS = (
					"$(inherited)",
					"@executable_path/Frameworks",
				);
				PRODUCT_BUNDLE_IDENTIFIER = "com.seventhaxis.p04-easy-browser";
				PRODUCT_NAME = "$(TARGET_NAME)";
				SWIFT_VERSION = 5.0;
				TARGETED_DEVICE_FAMILY = "1,2";
			};
			name = Release;
		};
/* End XCBuildConfiguration section */

/* Begin XCConfigurationList section */
		AD6C840B234A6D3000FB1B96 /* Build configuration list for PBXProject "p04.easy-browser" */ = {
			isa = XCConfigurationList;
			buildConfigurations = (
				AD6C8422234A6D3200FB1B96 /* Debug */,
				AD6C8423234A6D3200FB1B96 /* Release */,
			);
			defaultConfigurationIsVisible = 0;
			defaultConfigurationName = Release;
		};
		AD6C8424234A6D3200FB1B96 /* Build configuration list for PBXNativeTarget "p04.easy-browser" */ = {
			isa = XCConfigurationList;
			buildConfigurations = (
				AD6C8425234A6D3200FB1B96 /* Debug */,
				AD6C8426234A6D3200FB1B96 /* Release */,
			);
			defaultConfigurationIsVisible = 0;
			defaultConfigurationName = Release;
		};
/* End XCConfigurationList section */
	};
	rootObject = AD6C8408234A6D3000FB1B96 /* Project object */;
}
