// !$*UTF8*$!
{
	archiveVersion = 1;
	classes = {
	};
	objectVersion = 50;
	objects = {

/* Begin PBXBuildFile section */
		B9802B1C23A555A20013EC98 /* AppDelegate.swift in Sources */ = {isa = PBXBuildFile; fileRef = B9802B1B23A555A20013EC98 /* AppDelegate.swift */; };
		B9802B1E23A555A20013EC98 /* GameScene.sks in Resources */ = {isa = PBXBuildFile; fileRef = B9802B1D23A555A20013EC98 /* GameScene.sks */; };
		B9802B2223A555A20013EC98 /* GameScene.swift in Sources */ = {isa = PBXBuildFile; fileRef = B9802B2123A555A20013EC98 /* GameScene.swift */; };
		B9802B2423A555A20013EC98 /* GameViewController.swift in Sources */ = {isa = PBXBuildFile; fileRef = B9802B2323A555A20013EC98 /* GameViewController.swift */; };
		B9802B2723A555A20013EC98 /* Main.storyboard in Resources */ = {isa = PBXBuildFile; fileRef = B9802B2523A555A20013EC98 /* Main.storyboard */; };
		B9802B2923A555A50013EC98 /* Assets.xcassets in Resources */ = {isa = PBXBuildFile; fileRef = B9802B2823A555A50013EC98 /* Assets.xcassets */; };
		B9802B2C23A555A50013EC98 /* LaunchScreen.storyboard in Resources */ = {isa = PBXBuildFile; fileRef = B9802B2A23A555A50013EC98 /* LaunchScreen.storyboard */; };
		B98EA11C23A8843C00BAF795 /* FireParticles.sks in Resources */ = {isa = PBXBuildFile; fileRef = B98EA10D23A8843C00BAF795 /* FireParticles.sks */; };
		B98EA11D23A8843C00BAF795 /* ballBlue@2x.png in Resources */ = {isa = PBXBuildFile; fileRef = B98EA10E23A8843C00BAF795 /* ballBlue@2x.png */; };
		B98EA11E23A8843C00BAF795 /* slotGlowBad@2x.png in Resources */ = {isa = PBXBuildFile; fileRef = B98EA10F23A8843C00BAF795 /* slotGlowBad@2x.png */; };
		B98EA11F23A8843C00BAF795 /* ballYellow@2x.png in Resources */ = {isa = PBXBuildFile; fileRef = B98EA11023A8843C00BAF795 /* ballYellow@2x.png */; };
		B98EA12023A8843C00BAF795 /* slotBaseGood@2x.png in Resources */ = {isa = PBXBuildFile; fileRef = B98EA11123A8843C00BAF795 /* slotBaseGood@2x.png */; };
		B98EA12123A8843C00BAF795 /* ballPurple@2x.png in Resources */ = {isa = PBXBuildFile; fileRef = B98EA11223A8843C00BAF795 /* ballPurple@2x.png */; };
		B98EA12223A8843C00BAF795 /* slotBaseBad@2x.png in Resources */ = {isa = PBXBuildFile; fileRef = B98EA11323A8843C00BAF795 /* slotBaseBad@2x.png */; };
		B98EA12323A8843C00BAF795 /* ballGrey@2x.png in Resources */ = {isa = PBXBuildFile; fileRef = B98EA11423A8843C00BAF795 /* ballGrey@2x.png */; };
		B98EA12423A8843C00BAF795 /* spark.png in Resources */ = {isa = PBXBuildFile; fileRef = B98EA11523A8843C00BAF795 /* spark.png */; };
		B98EA12523A8843C00BAF795 /* bouncer@2x.png in Resources */ = {isa = PBXBuildFile; fileRef = B98EA11623A8843C00BAF795 /* bouncer@2x.png */; };
		B98EA12623A8843C00BAF795 /* slotGlowGood@2x.png in Resources */ = {isa = PBXBuildFile; fileRef = B98EA11723A8843C00BAF795 /* slotGlowGood@2x.png */; };
		B98EA12723A8843C00BAF795 /* ballRed@2x.png in Resources */ = {isa = PBXBuildFile; fileRef = B98EA11823A8843C00BAF795 /* ballRed@2x.png */; };
		B98EA12823A8843C00BAF795 /* ballCyan@2x.png in Resources */ = {isa = PBXBuildFile; fileRef = B98EA11923A8843C00BAF795 /* ballCyan@2x.png */; };
		B98EA12923A8843C00BAF795 /* background@2x.jpg in Resources */ = {isa = PBXBuildFile; fileRef = B98EA11A23A8843C00BAF795 /* background@2x.jpg */; };
		B98EA12A23A8843C00BAF795 /* ballGreen@2x.png in Resources */ = {isa = PBXBuildFile; fileRef = B98EA11B23A8843C00BAF795 /* ballGreen@2x.png */; };
/* End PBXBuildFile section */

/* Begin PBXFileReference section */
		B9802B1823A555A20013EC98 /* p11.pachinko.app */ = {isa = PBXFileReference; explicitFileType = wrapper.application; includeInIndex = 0; path = p11.pachinko.app; sourceTree = BUILT_PRODUCTS_DIR; };
		B9802B1B23A555A20013EC98 /* AppDelegate.swift */ = {isa = PBXFileReference; lastKnownFileType = sourcecode.swift; path = AppDelegate.swift; sourceTree = "<group>"; };
		B9802B1D23A555A20013EC98 /* GameScene.sks */ = {isa = PBXFileReference; lastKnownFileType = file.sks; path = GameScene.sks; sourceTree = "<group>"; };
		B9802B2123A555A20013EC98 /* GameScene.swift */ = {isa = PBXFileReference; lastKnownFileType = sourcecode.swift; path = GameScene.swift; sourceTree = "<group>"; };
		B9802B2323A555A20013EC98 /* GameViewController.swift */ = {isa = PBXFileReference; lastKnownFileType = sourcecode.swift; path = GameViewController.swift; sourceTree = "<group>"; };
		B9802B2623A555A20013EC98 /* Base */ = {isa = PBXFileReference; lastKnownFileType = file.storyboard; name = Base; path = Base.lproj/Main.storyboard; sourceTree = "<group>"; };
		B9802B2823A555A50013EC98 /* Assets.xcassets */ = {isa = PBXFileReference; lastKnownFileType = folder.assetcatalog; path = Assets.xcassets; sourceTree = "<group>"; };
		B9802B2B23A555A50013EC98 /* Base */ = {isa = PBXFileReference; lastKnownFileType = file.storyboard; name = Base; path = Base.lproj/LaunchScreen.storyboard; sourceTree = "<group>"; };
		B9802B2D23A555A50013EC98 /* Info.plist */ = {isa = PBXFileReference; lastKnownFileType = text.plist.xml; path = Info.plist; sourceTree = "<group>"; };
		B98EA10D23A8843C00BAF795 /* FireParticles.sks */ = {isa = PBXFileReference; lastKnownFileType = file.sks; path = FireParticles.sks; sourceTree = "<group>"; };
		B98EA10E23A8843C00BAF795 /* ballBlue@2x.png */ = {isa = PBXFileReference; lastKnownFileType = image.png; path = "ballBlue@2x.png"; sourceTree = "<group>"; };
		B98EA10F23A8843C00BAF795 /* slotGlowBad@2x.png */ = {isa = PBXFileReference; lastKnownFileType = image.png; path = "slotGlowBad@2x.png"; sourceTree = "<group>"; };
		B98EA11023A8843C00BAF795 /* ballYellow@2x.png */ = {isa = PBXFileReference; lastKnownFileType = image.png; path = "ballYellow@2x.png"; sourceTree = "<group>"; };
		B98EA11123A8843C00BAF795 /* slotBaseGood@2x.png */ = {isa = PBXFileReference; lastKnownFileType = image.png; path = "slotBaseGood@2x.png"; sourceTree = "<group>"; };
		B98EA11223A8843C00BAF795 /* ballPurple@2x.png */ = {isa = PBXFileReference; lastKnownFileType = image.png; path = "ballPurple@2x.png"; sourceTree = "<group>"; };
		B98EA11323A8843C00BAF795 /* slotBaseBad@2x.png */ = {isa = PBXFileReference; lastKnownFileType = image.png; path = "slotBaseBad@2x.png"; sourceTree = "<group>"; };
		B98EA11423A8843C00BAF795 /* ballGrey@2x.png */ = {isa = PBXFileReference; lastKnownFileType = image.png; path = "ballGrey@2x.png"; sourceTree = "<group>"; };
		B98EA11523A8843C00BAF795 /* spark.png */ = {isa = PBXFileReference; lastKnownFileType = image.png; path = spark.png; sourceTree = "<group>"; };
		B98EA11623A8843C00BAF795 /* bouncer@2x.png */ = {isa = PBXFileReference; lastKnownFileType = image.png; path = "bouncer@2x.png"; sourceTree = "<group>"; };
		B98EA11723A8843C00BAF795 /* slotGlowGood@2x.png */ = {isa = PBXFileReference; lastKnownFileType = image.png; path = "slotGlowGood@2x.png"; sourceTree = "<group>"; };
		B98EA11823A8843C00BAF795 /* ballRed@2x.png */ = {isa = PBXFileReference; lastKnownFileType = image.png; path = "ballRed@2x.png"; sourceTree = "<group>"; };
		B98EA11923A8843C00BAF795 /* ballCyan@2x.png */ = {isa = PBXFileReference; lastKnownFileType = image.png; path = "ballCyan@2x.png"; sourceTree = "<group>"; };
		B98EA11A23A8843C00BAF795 /* background@2x.jpg */ = {isa = PBXFileReference; lastKnownFileType = image.jpeg; path = "background@2x.jpg"; sourceTree = "<group>"; };
		B98EA11B23A8843C00BAF795 /* ballGreen@2x.png */ = {isa = PBXFileReference; lastKnownFileType = image.png; path = "ballGreen@2x.png"; sourceTree = "<group>"; };
/* End PBXFileReference section */

/* Begin PBXFrameworksBuildPhase section */
		B9802B1523A555A20013EC98 /* Frameworks */ = {
			isa = PBXFrameworksBuildPhase;
			buildActionMask = 2147483647;
			files = (
			);
			runOnlyForDeploymentPostprocessing = 0;
		};
/* End PBXFrameworksBuildPhase section */

/* Begin PBXGroup section */
		B9802B0F23A555A10013EC98 = {
			isa = PBXGroup;
			children = (
				B9802B1A23A555A20013EC98 /* p11.pachinko */,
				B9802B1923A555A20013EC98 /* Products */,
			);
			sourceTree = "<group>";
		};
		B9802B1923A555A20013EC98 /* Products */ = {
			isa = PBXGroup;
			children = (
				B9802B1823A555A20013EC98 /* p11.pachinko.app */,
			);
			name = Products;
			sourceTree = "<group>";
		};
		B9802B1A23A555A20013EC98 /* p11.pachinko */ = {
			isa = PBXGroup;
			children = (
				B9802B2D23A555A50013EC98 /* Info.plist */,
				B9802B2A23A555A50013EC98 /* LaunchScreen.storyboard */,
				B9802B2823A555A50013EC98 /* Assets.xcassets */,
				B9802B1B23A555A20013EC98 /* AppDelegate.swift */,
				B9802B2523A555A20013EC98 /* Main.storyboard */,
				B98EA10A23A8830900BAF795 /* Classes */,
				B98EA10B23A8832500BAF795 /* Scenes */,
				B98EA10C23A8843C00BAF795 /* Content */,
			);
			path = p11.pachinko;
			sourceTree = "<group>";
		};
		B98EA10A23A8830900BAF795 /* Classes */ = {
			isa = PBXGroup;
			children = (
				B9802B2123A555A20013EC98 /* GameScene.swift */,
				B9802B2323A555A20013EC98 /* GameViewController.swift */,
			);
			path = Classes;
			sourceTree = "<group>";
		};
		B98EA10B23A8832500BAF795 /* Scenes */ = {
			isa = PBXGroup;
			children = (
				B9802B1D23A555A20013EC98 /* GameScene.sks */,
			);
			path = Scenes;
			sourceTree = "<group>";
		};
		B98EA10C23A8843C00BAF795 /* Content */ = {
			isa = PBXGroup;
			children = (
				B98EA10D23A8843C00BAF795 /* FireParticles.sks */,
				B98EA10E23A8843C00BAF795 /* ballBlue@2x.png */,
				B98EA10F23A8843C00BAF795 /* slotGlowBad@2x.png */,
				B98EA11023A8843C00BAF795 /* ballYellow@2x.png */,
				B98EA11123A8843C00BAF795 /* slotBaseGood@2x.png */,
				B98EA11223A8843C00BAF795 /* ballPurple@2x.png */,
				B98EA11323A8843C00BAF795 /* slotBaseBad@2x.png */,
				B98EA11423A8843C00BAF795 /* ballGrey@2x.png */,
				B98EA11523A8843C00BAF795 /* spark.png */,
				B98EA11623A8843C00BAF795 /* bouncer@2x.png */,
				B98EA11723A8843C00BAF795 /* slotGlowGood@2x.png */,
				B98EA11823A8843C00BAF795 /* ballRed@2x.png */,
				B98EA11923A8843C00BAF795 /* ballCyan@2x.png */,
				B98EA11A23A8843C00BAF795 /* background@2x.jpg */,
				B98EA11B23A8843C00BAF795 /* ballGreen@2x.png */,
			);
			path = Content;
			sourceTree = "<group>";
		};
/* End PBXGroup section */

/* Begin PBXNativeTarget section */
		B9802B1723A555A20013EC98 /* p11.pachinko */ = {
			isa = PBXNativeTarget;
			buildConfigurationList = B9802B3023A555A50013EC98 /* Build configuration list for PBXNativeTarget "p11.pachinko" */;
			buildPhases = (
				B9802B1423A555A20013EC98 /* Sources */,
				B9802B1523A555A20013EC98 /* Frameworks */,
				B9802B1623A555A20013EC98 /* Resources */,
			);
			buildRules = (
			);
			dependencies = (
			);
			name = p11.pachinko;
			productName = p11.pachinko;
			productReference = B9802B1823A555A20013EC98 /* p11.pachinko.app */;
			productType = "com.apple.product-type.application";
		};
/* End PBXNativeTarget section */

/* Begin PBXProject section */
		B9802B1023A555A10013EC98 /* Project object */ = {
			isa = PBXProject;
			attributes = {
				LastSwiftUpdateCheck = 1130;
				LastUpgradeCheck = 1200;
				ORGANIZATIONNAME = "Matt Brown";
				TargetAttributes = {
					B9802B1723A555A20013EC98 = {
						CreatedOnToolsVersion = 11.3;
					};
				};
			};
			buildConfigurationList = B9802B1323A555A10013EC98 /* Build configuration list for PBXProject "p11.pachinko" */;
			compatibilityVersion = "Xcode 9.3";
			developmentRegion = en;
			hasScannedForEncodings = 0;
			knownRegions = (
				en,
				Base,
			);
			mainGroup = B9802B0F23A555A10013EC98;
			productRefGroup = B9802B1923A555A20013EC98 /* Products */;
			projectDirPath = "";
			projectRoot = "";
			targets = (
				B9802B1723A555A20013EC98 /* p11.pachinko */,
			);
		};
/* End PBXProject section */

/* Begin PBXResourcesBuildPhase section */
		B9802B1623A555A20013EC98 /* Resources */ = {
			isa = PBXResourcesBuildPhase;
			buildActionMask = 2147483647;
			files = (
				B9802B2723A555A20013EC98 /* Main.storyboard in Resources */,
				B98EA12723A8843C00BAF795 /* ballRed@2x.png in Resources */,
				B98EA12123A8843C00BAF795 /* ballPurple@2x.png in Resources */,
				B98EA12223A8843C00BAF795 /* slotBaseBad@2x.png in Resources */,
				B98EA12023A8843C00BAF795 /* slotBaseGood@2x.png in Resources */,
				B9802B1E23A555A20013EC98 /* GameScene.sks in Resources */,
				B98EA12623A8843C00BAF795 /* slotGlowGood@2x.png in Resources */,
				B98EA12423A8843C00BAF795 /* spark.png in Resources */,
				B98EA11C23A8843C00BAF795 /* FireParticles.sks in Resources */,
				B9802B2923A555A50013EC98 /* Assets.xcassets in Resources */,
				B9802B2C23A555A50013EC98 /* LaunchScreen.storyboard in Resources */,
				B98EA11F23A8843C00BAF795 /* ballYellow@2x.png in Resources */,
				B98EA12A23A8843C00BAF795 /* ballGreen@2x.png in Resources */,
				B98EA11D23A8843C00BAF795 /* ballBlue@2x.png in Resources */,
				B98EA12823A8843C00BAF795 /* ballCyan@2x.png in Resources */,
				B98EA12523A8843C00BAF795 /* bouncer@2x.png in Resources */,
				B98EA12323A8843C00BAF795 /* ballGrey@2x.png in Resources */,
				B98EA12923A8843C00BAF795 /* background@2x.jpg in Resources */,
				B98EA11E23A8843C00BAF795 /* slotGlowBad@2x.png in Resources */,
			);
			runOnlyForDeploymentPostprocessing = 0;
		};
/* End PBXResourcesBuildPhase section */

/* Begin PBXSourcesBuildPhase section */
		B9802B1423A555A20013EC98 /* Sources */ = {
			isa = PBXSourcesBuildPhase;
			buildActionMask = 2147483647;
			files = (
				B9802B2223A555A20013EC98 /* GameScene.swift in Sources */,
				B9802B2423A555A20013EC98 /* GameViewController.swift in Sources */,
				B9802B1C23A555A20013EC98 /* AppDelegate.swift in Sources */,
			);
			runOnlyForDeploymentPostprocessing = 0;
		};
/* End PBXSourcesBuildPhase section */

/* Begin PBXVariantGroup section */
		B9802B2523A555A20013EC98 /* Main.storyboard */ = {
			isa = PBXVariantGroup;
			children = (
				B9802B2623A555A20013EC98 /* Base */,
			);
			name = Main.storyboard;
			sourceTree = "<group>";
		};
		B9802B2A23A555A50013EC98 /* LaunchScreen.storyboard */ = {
			isa = PBXVariantGroup;
			children = (
				B9802B2B23A555A50013EC98 /* Base */,
			);
			name = LaunchScreen.storyboard;
			sourceTree = "<group>";
		};
/* End PBXVariantGroup section */

/* Begin XCBuildConfiguration section */
		B9802B2E23A555A50013EC98 /* Debug */ = {
			isa = XCBuildConfiguration;
			buildSettings = {
				ALWAYS_SEARCH_USER_PATHS = NO;
				CLANG_ANALYZER_NONNULL = YES;
				CLANG_ANALYZER_NUMBER_OBJECT_CONVERSION = YES_AGGRESSIVE;
				CLANG_CXX_LANGUAGE_STANDARD = "gnu++14";
				CLANG_CXX_LIBRARY = "libc++";
				CLANG_ENABLE_MODULES = YES;
				CLANG_ENABLE_OBJC_ARC = YES;
				CLANG_ENABLE_OBJC_WEAK = YES;
				CLANG_WARN_BLOCK_CAPTURE_AUTORELEASING = YES;
				CLANG_WARN_BOOL_CONVERSION = YES;
				CLANG_WARN_COMMA = YES;
				CLANG_WARN_CONSTANT_CONVERSION = YES;
				CLANG_WARN_DEPRECATED_OBJC_IMPLEMENTATIONS = YES;
				CLANG_WARN_DIRECT_OBJC_ISA_USAGE = YES_ERROR;
				CLANG_WARN_DOCUMENTATION_COMMENTS = YES;
				CLANG_WARN_EMPTY_BODY = YES;
				CLANG_WARN_ENUM_CONVERSION = YES;
				CLANG_WARN_INFINITE_RECURSION = YES;
				CLANG_WARN_INT_CONVERSION = YES;
				CLANG_WARN_NON_LITERAL_NULL_CONVERSION = YES;
				CLANG_WARN_OBJC_IMPLICIT_RETAIN_SELF = YES;
				CLANG_WARN_OBJC_LITERAL_CONVERSION = YES;
				CLANG_WARN_OBJC_ROOT_CLASS = YES_ERROR;
				CLANG_WARN_QUOTED_INCLUDE_IN_FRAMEWORK_HEADER = YES;
				CLANG_WARN_RANGE_LOOP_ANALYSIS = YES;
				CLANG_WARN_STRICT_PROTOTYPES = YES;
				CLANG_WARN_SUSPICIOUS_MOVE = YES;
				CLANG_WARN_UNGUARDED_AVAILABILITY = YES_AGGRESSIVE;
				CLANG_WARN_UNREACHABLE_CODE = YES;
				CLANG_WARN__DUPLICATE_METHOD_MATCH = YES;
				COPY_PHASE_STRIP = NO;
				DEBUG_INFORMATION_FORMAT = dwarf;
				ENABLE_STRICT_OBJC_MSGSEND = YES;
				ENABLE_TESTABILITY = YES;
				GCC_C_LANGUAGE_STANDARD = gnu11;
				GCC_DYNAMIC_NO_PIC = NO;
				GCC_NO_COMMON_BLOCKS = YES;
				GCC_OPTIMIZATION_LEVEL = 0;
				GCC_PREPROCESSOR_DEFINITIONS = (
					"DEBUG=1",
					"$(inherited)",
				);
				GCC_WARN_64_TO_32_BIT_CONVERSION = YES;
				GCC_WARN_ABOUT_RETURN_TYPE = YES_ERROR;
				GCC_WARN_UNDECLARED_SELECTOR = YES;
				GCC_WARN_UNINITIALIZED_AUTOS = YES_AGGRESSIVE;
				GCC_WARN_UNUSED_FUNCTION = YES;
				GCC_WARN_UNUSED_VARIABLE = YES;
				IPHONEOS_DEPLOYMENT_TARGET = 13.0;
				MTL_ENABLE_DEBUG_INFO = INCLUDE_SOURCE;
				MTL_FAST_MATH = YES;
				ONLY_ACTIVE_ARCH = YES;
				SDKROOT = iphoneos;
				SWIFT_ACTIVE_COMPILATION_CONDITIONS = DEBUG;
				SWIFT_OPTIMIZATION_LEVEL = "-Onone";
				SWIFT_VERSION = 5.0;
			};
			name = Debug;
		};
		B9802B2F23A555A50013EC98 /* Release */ = {
			isa = XCBuildConfiguration;
			buildSettings = {
				ALWAYS_SEARCH_USER_PATHS = NO;
				CLANG_ANALYZER_NONNULL = YES;
				CLANG_ANALYZER_NUMBER_OBJECT_CONVERSION = YES_AGGRESSIVE;
				CLANG_CXX_LANGUAGE_STANDARD = "gnu++14";
				CLANG_CXX_LIBRARY = "libc++";
				CLANG_ENABLE_MODULES = YES;
				CLANG_ENABLE_OBJC_ARC = YES;
				CLANG_ENABLE_OBJC_WEAK = YES;
				CLANG_WARN_BLOCK_CAPTURE_AUTORELEASING = YES;
				CLANG_WARN_BOOL_CONVERSION = YES;
				CLANG_WARN_COMMA = YES;
				CLANG_WARN_CONSTANT_CONVERSION = YES;
				CLANG_WARN_DEPRECATED_OBJC_IMPLEMENTATIONS = YES;
				CLANG_WARN_DIRECT_OBJC_ISA_USAGE = YES_ERROR;
				CLANG_WARN_DOCUMENTATION_COMMENTS = YES;
				CLANG_WARN_EMPTY_BODY = YES;
				CLANG_WARN_ENUM_CONVERSION = YES;
				CLANG_WARN_INFINITE_RECURSION = YES;
				CLANG_WARN_INT_CONVERSION = YES;
				CLANG_WARN_NON_LITERAL_NULL_CONVERSION = YES;
				CLANG_WARN_OBJC_IMPLICIT_RETAIN_SELF = YES;
				CLANG_WARN_OBJC_LITERAL_CONVERSION = YES;
				CLANG_WARN_OBJC_ROOT_CLASS = YES_ERROR;
				CLANG_WARN_QUOTED_INCLUDE_IN_FRAMEWORK_HEADER = YES;
				CLANG_WARN_RANGE_LOOP_ANALYSIS = YES;
				CLANG_WARN_STRICT_PROTOTYPES = YES;
				CLANG_WARN_SUSPICIOUS_MOVE = YES;
				CLANG_WARN_UNGUARDED_AVAILABILITY = YES_AGGRESSIVE;
				CLANG_WARN_UNREACHABLE_CODE = YES;
				CLANG_WARN__DUPLICATE_METHOD_MATCH = YES;
				COPY_PHASE_STRIP = NO;
				DEBUG_INFORMATION_FORMAT = "dwarf-with-dsym";
				ENABLE_NS_ASSERTIONS = NO;
				ENABLE_STRICT_OBJC_MSGSEND = YES;
				GCC_C_LANGUAGE_STANDARD = gnu11;
				GCC_NO_COMMON_BLOCKS = YES;
				GCC_WARN_64_TO_32_BIT_CONVERSION = YES;
				GCC_WARN_ABOUT_RETURN_TYPE = YES_ERROR;
				GCC_WARN_UNDECLARED_SELECTOR = YES;
				GCC_WARN_UNINITIALIZED_AUTOS = YES_AGGRESSIVE;
				GCC_WARN_UNUSED_FUNCTION = YES;
				GCC_WARN_UNUSED_VARIABLE = YES;
				IPHONEOS_DEPLOYMENT_TARGET = 13.0;
				MTL_ENABLE_DEBUG_INFO = NO;
				MTL_FAST_MATH = YES;
				SDKROOT = iphoneos;
				SWIFT_COMPILATION_MODE = wholemodule;
				SWIFT_OPTIMIZATION_LEVEL = "-O";
				SWIFT_VERSION = 5.0;
				VALIDATE_PRODUCT = YES;
			};
			name = Release;
		};
		B9802B3123A555A50013EC98 /* Debug */ = {
			isa = XCBuildConfiguration;
			buildSettings = {
				ASSETCATALOG_COMPILER_APPICON_NAME = AppIcon;
				CODE_SIGN_STYLE = Automatic;
				DEVELOPMENT_TEAM = 9C5ND6VFEN;
				INFOPLIST_FILE = p11.pachinko/Info.plist;
				LD_RUNPATH_SEARCH_PATHS = (
					"$(inherited)",
					"@executable_path/Frameworks",
				);
				PRODUCT_BUNDLE_IDENTIFIER = "com.seventhaxis.p11-pachinko";
				PRODUCT_NAME = "$(TARGET_NAME)";
				SWIFT_VERSION = 5.0;
				TARGETED_DEVICE_FAMILY = 2;
			};
			name = Debug;
		};
		B9802B3223A555A50013EC98 /* Release */ = {
			isa = XCBuildConfiguration;
			buildSettings = {
				ASSETCATALOG_COMPILER_APPICON_NAME = AppIcon;
				CODE_SIGN_STYLE = Automatic;
				DEVELOPMENT_TEAM = 9C5ND6VFEN;
				INFOPLIST_FILE = p11.pachinko/Info.plist;
				LD_RUNPATH_SEARCH_PATHS = (
					"$(inherited)",
					"@executable_path/Frameworks",
				);
				PRODUCT_BUNDLE_IDENTIFIER = "com.seventhaxis.p11-pachinko";
				PRODUCT_NAME = "$(TARGET_NAME)";
				SWIFT_VERSION = 5.0;
				TARGETED_DEVICE_FAMILY = 2;
			};
			name = Release;
		};
/* End XCBuildConfiguration section */

/* Begin XCConfigurationList section */
		B9802B1323A555A10013EC98 /* Build configuration list for PBXProject "p11.pachinko" */ = {
			isa = XCConfigurationList;
			buildConfigurations = (
				B9802B2E23A555A50013EC98 /* Debug */,
				B9802B2F23A555A50013EC98 /* Release */,
			);
			defaultConfigurationIsVisible = 0;
			defaultConfigurationName = Release;
		};
		B9802B3023A555A50013EC98 /* Build configuration list for PBXNativeTarget "p11.pachinko" */ = {
			isa = XCConfigurationList;
			buildConfigurations = (
				B9802B3123A555A50013EC98 /* Debug */,
				B9802B3223A555A50013EC98 /* Release */,
			);
			defaultConfigurationIsVisible = 0;
			defaultConfigurationName = Release;
		};
/* End XCConfigurationList section */
	};
	rootObject = B9802B1023A555A10013EC98 /* Project object */;
}
